// !$*UTF8*$!
{
	archiveVersion = 1;
	classes = {
	};
	objectVersion = 50;
	objects = {

/* Begin PBXBuildFile section */
		C533E4612325437E0058C80E /* libxml_utils.cc in Sources */ = {isa = PBXBuildFile; fileRef = C533E45F2325437E0058C80E /* libxml_utils.cc */; };
		C533E4622325437E0058C80E /* libxml_utils.h in Headers */ = {isa = PBXBuildFile; fileRef = C533E4602325437E0058C80E /* libxml_utils.h */; };
		C533E466232543930058C80E /* xml.h in Headers */ = {isa = PBXBuildFile; fileRef = C533E464232543930058C80E /* xml.h */; };
		C533E467232543930058C80E /* xml.m in Sources */ = {isa = PBXBuildFile; fileRef = C533E465232543930058C80E /* xml.m */; };
/* End PBXBuildFile section */

/* Begin PBXFileReference section */
		C533E456232542BE0058C80E /* libxml.a */ = {isa = PBXFileReference; explicitFileType = archive.ar; includeInIndex = 0; path = libxml.a; sourceTree = BUILT_PRODUCTS_DIR; };
		C533E45F2325437E0058C80E /* libxml_utils.cc */ = {isa = PBXFileReference; fileEncoding = 4; lastKnownFileType = sourcecode.cpp.cpp; path = libxml_utils.cc; sourceTree = "<group>"; };
		C533E4602325437E0058C80E /* libxml_utils.h */ = {isa = PBXFileReference; fileEncoding = 4; lastKnownFileType = sourcecode.c.h; path = libxml_utils.h; sourceTree = "<group>"; };
		C533E464232543930058C80E /* xml.h */ = {isa = PBXFileReference; fileEncoding = 4; lastKnownFileType = sourcecode.c.h; path = xml.h; sourceTree = "<group>"; };
		C533E465232543930058C80E /* xml.m */ = {isa = PBXFileReference; fileEncoding = 4; lastKnownFileType = sourcecode.c.objc; path = xml.m; sourceTree = "<group>"; };
/* End PBXFileReference section */

/* Begin PBXFrameworksBuildPhase section */
		C533E454232542BE0058C80E /* Frameworks */ = {
			isa = PBXFrameworksBuildPhase;
			buildActionMask = 2147483647;
			files = (
			);
			runOnlyForDeploymentPostprocessing = 0;
		};
/* End PBXFrameworksBuildPhase section */

/* Begin PBXGroup section */
		C533E44D232542BE0058C80E = {
			isa = PBXGroup;
			children = (
				C533E463232543930058C80E /* xml */,
				C533E45E2325437E0058C80E /* chromium */,
				C533E457232542BE0058C80E /* Products */,
			);
			sourceTree = "<group>";
		};
		C533E457232542BE0058C80E /* Products */ = {
			isa = PBXGroup;
			children = (
				C533E456232542BE0058C80E /* libxml.a */,
			);
			name = Products;
			sourceTree = "<group>";
		};
		C533E45E2325437E0058C80E /* chromium */ = {
			isa = PBXGroup;
			children = (
				C533E45F2325437E0058C80E /* libxml_utils.cc */,
				C533E4602325437E0058C80E /* libxml_utils.h */,
			);
			path = chromium;
			sourceTree = "<group>";
		};
		C533E463232543930058C80E /* xml */ = {
			isa = PBXGroup;
			children = (
				C533E464232543930058C80E /* xml.h */,
				C533E465232543930058C80E /* xml.m */,
			);
			path = xml;
			sourceTree = "<group>";
		};
/* End PBXGroup section */

/* Begin PBXHeadersBuildPhase section */
		C533E452232542BE0058C80E /* Headers */ = {
			isa = PBXHeadersBuildPhase;
			buildActionMask = 2147483647;
			files = (
				C533E466232543930058C80E /* xml.h in Headers */,
				C533E4622325437E0058C80E /* libxml_utils.h in Headers */,
			);
			runOnlyForDeploymentPostprocessing = 0;
		};
/* End PBXHeadersBuildPhase section */

/* Begin PBXNativeTarget section */
		C533E455232542BE0058C80E /* xml */ = {
			isa = PBXNativeTarget;
			buildConfigurationList = C533E45A232542BE0058C80E /* Build configuration list for PBXNativeTarget "xml" */;
			buildPhases = (
				C533E452232542BE0058C80E /* Headers */,
				C533E453232542BE0058C80E /* Sources */,
				C533E454232542BE0058C80E /* Frameworks */,
				C533E45D232543140058C80E /* ShellScript */,
			);
			buildRules = (
			);
			dependencies = (
			);
			name = xml;
			productName = xml;
			productReference = C533E456232542BE0058C80E /* libxml.a */;
			productType = "com.apple.product-type.library.static";
		};
/* End PBXNativeTarget section */

/* Begin PBXProject section */
		C533E44E232542BE0058C80E /* Project object */ = {
			isa = PBXProject;
			attributes = {
				LastUpgradeCheck = 1030;
				ORGANIZATIONNAME = larpoux;
				TargetAttributes = {
					C533E455232542BE0058C80E = {
						CreatedOnToolsVersion = 10.3;
					};
				};
			};
			buildConfigurationList = C533E451232542BE0058C80E /* Build configuration list for PBXProject "libxml_macos" */;
			compatibilityVersion = "Xcode 9.3";
			developmentRegion = en;
			hasScannedForEncodings = 0;
			knownRegions = (
				en,
			);
			mainGroup = C533E44D232542BE0058C80E;
			productRefGroup = C533E457232542BE0058C80E /* Products */;
			projectDirPath = "";
			projectRoot = "";
			targets = (
				C533E455232542BE0058C80E /* xml */,
			);
		};
/* End PBXProject section */

/* Begin PBXShellScriptBuildPhase section */
		C533E45D232543140058C80E /* ShellScript */ = {
			isa = PBXShellScriptBuildPhase;
			buildActionMask = 2147483647;
			files = (
			);
			inputFileListPaths = (
			);
			inputPaths = (
			);
			outputFileListPaths = (
			);
			outputPaths = (
			);
			runOnlyForDeploymentPostprocessing = 0;
			shellPath = /bin/sh;
			shellScript = "# Type a script or drag a script file from your workspace to insert its path.\necho \"-------\"\necho \"TARGET_NAME = $TARGET_NAME\"\necho \"BUILD_DIR = $BUILD_DIR\"\necho \"BUILD_ROOT = $BUILD_ROOT\"\necho \"BUILT_PRODUCTS_DIR = $BUILD_PRODUCTS_DIR\"\necho \"CONFIGURATION = $CONFIGURATION\"\necho \"CONFIGURATION_BUILD_DIR = $CONFIGURATION_BUILD_DIR\"\necho \"DERIVED_FILES_DIR = $DERIVED_FILES_DIR\"\necho \"FULL_PRODUCT_NAME = $FULL_PRODUCT_NAME\"\necho \"LOCROOT = $LOCROOT\"\necho \"LOCSYMROOT = $LOCSYMROOT\"\necho \"OBJECT_FILE_DIR = $OBJECT_FILE_DIR\"\necho \"PRODUCT_MODULE_NAME = $PRODUCT_MODULE_NAME\"\necho \"PRODUCT_NAME = $PRODUCT_NAME\"\necho \"PROJECT = $PROJECT\"\necho \"PROJECT_DERIVED_FILE_DIR = $PROJECT_DERIVED_FILE_DIR\"\necho \"PROJECT_DIR = $PROJECT_DIR\"\necho \"PROJECT_FILE_PATH = $PROJECT_FILE_PATH\"\necho \"PROJECT_NAME = $PROJECT_NAME\"\necho \"SHARED_DERIVED_FILE_DIR = $SHARED_DERIVED_FILE_DIR\"\necho \"SRCROOT = $SRCROOT\"\necho \"SYMROOT = $SYMROOT\"\necho \"TARGET_NAME = $TARGET_NAME\"\necho \"TARGET_BUILD_DIR = $TARGET_BUILD_DIR\"\necho \"---------\"\nif [ -z \"$OUTPUT_DIR\" ]\nthen\n        export OUTPUT_DIR=$PROJECT_DIR/../../libs/macos-$CONFIGURATION\nfi\n\nmkdir -p $OUTPUT_DIR/\ncp -v $TARGET_BUILD_DIR/$FULL_PRODUCT_NAME $OUTPUT_DIR/\n";
		};
/* End PBXShellScriptBuildPhase section */

/* Begin PBXSourcesBuildPhase section */
		C533E453232542BE0058C80E /* Sources */ = {
			isa = PBXSourcesBuildPhase;
			buildActionMask = 2147483647;
			files = (
				C533E4612325437E0058C80E /* libxml_utils.cc in Sources */,
				C533E467232543930058C80E /* xml.m in Sources */,
			);
			runOnlyForDeploymentPostprocessing = 0;
		};
/* End PBXSourcesBuildPhase section */

/* Begin XCBuildConfiguration section */
		C533E458232542BE0058C80E /* Debug */ = {
			isa = XCBuildConfiguration;
			buildSettings = {
				ALWAYS_SEARCH_USER_PATHS = NO;
				CLANG_ANALYZER_NONNULL = YES;
				CLANG_ANALYZER_NUMBER_OBJECT_CONVERSION = YES_AGGRESSIVE;
				CLANG_CXX_LANGUAGE_STANDARD = "gnu++14";
				CLANG_CXX_LIBRARY = "libc++";
				CLANG_ENABLE_MODULES = YES;
				CLANG_ENABLE_OBJC_ARC = YES;
				CLANG_ENABLE_OBJC_WEAK = YES;
				CLANG_WARN_BLOCK_CAPTURE_AUTORELEASING = YES;
				CLANG_WARN_BOOL_CONVERSION = YES;
				CLANG_WARN_COMMA = YES;
				CLANG_WARN_CONSTANT_CONVERSION = YES;
				CLANG_WARN_DEPRECATED_OBJC_IMPLEMENTATIONS = YES;
				CLANG_WARN_DIRECT_OBJC_ISA_USAGE = YES_ERROR;
				CLANG_WARN_DOCUMENTATION_COMMENTS = YES;
				CLANG_WARN_EMPTY_BODY = YES;
				CLANG_WARN_ENUM_CONVERSION = YES;
				CLANG_WARN_INFINITE_RECURSION = YES;
				CLANG_WARN_INT_CONVERSION = YES;
				CLANG_WARN_NON_LITERAL_NULL_CONVERSION = YES;
				CLANG_WARN_OBJC_IMPLICIT_RETAIN_SELF = YES;
				CLANG_WARN_OBJC_LITERAL_CONVERSION = YES;
				CLANG_WARN_OBJC_ROOT_CLASS = YES_ERROR;
				CLANG_WARN_RANGE_LOOP_ANALYSIS = YES;
				CLANG_WARN_STRICT_PROTOTYPES = YES;
				CLANG_WARN_SUSPICIOUS_MOVE = YES;
				CLANG_WARN_UNGUARDED_AVAILABILITY = YES_AGGRESSIVE;
				CLANG_WARN_UNREACHABLE_CODE = YES;
				CLANG_WARN__DUPLICATE_METHOD_MATCH = YES;
				CODE_SIGN_IDENTITY = "Mac Developer";
				COPY_PHASE_STRIP = NO;
				DEBUG_INFORMATION_FORMAT = dwarf;
				ENABLE_STRICT_OBJC_MSGSEND = YES;
				ENABLE_TESTABILITY = YES;
				GCC_C_LANGUAGE_STANDARD = gnu11;
				GCC_DYNAMIC_NO_PIC = NO;
				GCC_NO_COMMON_BLOCKS = YES;
				GCC_OPTIMIZATION_LEVEL = 0;
				GCC_PREPROCESSOR_DEFINITIONS = (
					"DEBUG=1",
					"$(inherited)",
				);
				GCC_WARN_64_TO_32_BIT_CONVERSION = YES;
				GCC_WARN_ABOUT_RETURN_TYPE = YES_ERROR;
				GCC_WARN_UNDECLARED_SELECTOR = YES;
				GCC_WARN_UNINITIALIZED_AUTOS = YES_AGGRESSIVE;
				GCC_WARN_UNUSED_FUNCTION = YES;
				GCC_WARN_UNUSED_VARIABLE = YES;
				HEADER_SEARCH_PATHS = "$(SDKROOT)/usr/include/libxml2";
				MACOSX_DEPLOYMENT_TARGET = 10.14;
				MTL_ENABLE_DEBUG_INFO = INCLUDE_SOURCE;
				MTL_FAST_MATH = YES;
				ONLY_ACTIVE_ARCH = YES;
				SDKROOT = macosx;
			};
			name = Debug;
		};
		C533E459232542BE0058C80E /* Release */ = {
			isa = XCBuildConfiguration;
			buildSettings = {
				ALWAYS_SEARCH_USER_PATHS = NO;
				CLANG_ANALYZER_NONNULL = YES;
				CLANG_ANALYZER_NUMBER_OBJECT_CONVERSION = YES_AGGRESSIVE;
				CLANG_CXX_LANGUAGE_STANDARD = "gnu++14";
				CLANG_CXX_LIBRARY = "libc++";
				CLANG_ENABLE_MODULES = YES;
				CLANG_ENABLE_OBJC_ARC = YES;
				CLANG_ENABLE_OBJC_WEAK = YES;
				CLANG_WARN_BLOCK_CAPTURE_AUTORELEASING = YES;
				CLANG_WARN_BOOL_CONVERSION = YES;
				CLANG_WARN_COMMA = YES;
				CLANG_WARN_CONSTANT_CONVERSION = YES;
				CLANG_WARN_DEPRECATED_OBJC_IMPLEMENTATIONS = YES;
				CLANG_WARN_DIRECT_OBJC_ISA_USAGE = YES_ERROR;
				CLANG_WARN_DOCUMENTATION_COMMENTS = YES;
				CLANG_WARN_EMPTY_BODY = YES;
				CLANG_WARN_ENUM_CONVERSION = YES;
				CLANG_WARN_INFINITE_RECURSION = YES;
				CLANG_WARN_INT_CONVERSION = YES;
				CLANG_WARN_NON_LITERAL_NULL_CONVERSION = YES;
				CLANG_WARN_OBJC_IMPLICIT_RETAIN_SELF = YES;
				CLANG_WARN_OBJC_LITERAL_CONVERSION = YES;
				CLANG_WARN_OBJC_ROOT_CLASS = YES_ERROR;
				CLANG_WARN_RANGE_LOOP_ANALYSIS = YES;
				CLANG_WARN_STRICT_PROTOTYPES = YES;
				CLANG_WARN_SUSPICIOUS_MOVE = YES;
				CLANG_WARN_UNGUARDED_AVAILABILITY = YES_AGGRESSIVE;
				CLANG_WARN_UNREACHABLE_CODE = YES;
				CLANG_WARN__DUPLICATE_METHOD_MATCH = YES;
				CODE_SIGN_IDENTITY = "Mac Developer";
				COPY_PHASE_STRIP = NO;
				DEBUG_INFORMATION_FORMAT = "dwarf-with-dsym";
				ENABLE_NS_ASSERTIONS = NO;
				ENABLE_STRICT_OBJC_MSGSEND = YES;
				GCC_C_LANGUAGE_STANDARD = gnu11;
				GCC_NO_COMMON_BLOCKS = YES;
				GCC_WARN_64_TO_32_BIT_CONVERSION = YES;
				GCC_WARN_ABOUT_RETURN_TYPE = YES_ERROR;
				GCC_WARN_UNDECLARED_SELECTOR = YES;
				GCC_WARN_UNINITIALIZED_AUTOS = YES_AGGRESSIVE;
				GCC_WARN_UNUSED_FUNCTION = YES;
				GCC_WARN_UNUSED_VARIABLE = YES;
				HEADER_SEARCH_PATHS = "$(SDKROOT)/usr/include/libxml2";
				MACOSX_DEPLOYMENT_TARGET = 10.14;
				MTL_ENABLE_DEBUG_INFO = NO;
				MTL_FAST_MATH = YES;
				SDKROOT = macosx;
			};
			name = Release;
		};
		C533E45B232542BE0058C80E /* Debug */ = {
			isa = XCBuildConfiguration;
			buildSettings = {
				CODE_SIGN_STYLE = Automatic;
				DEVELOPMENT_TEAM = 5YY4QLF92X;
				EXECUTABLE_PREFIX = lib;
				PRODUCT_NAME = "$(TARGET_NAME)";
				SKIP_INSTALL = YES;
			};
			name = Debug;
		};
		C533E45C232542BE0058C80E /* Release */ = {
			isa = XCBuildConfiguration;
			buildSettings = {
				CODE_SIGN_STYLE = Automatic;
				DEVELOPMENT_TEAM = 5YY4QLF92X;
				EXECUTABLE_PREFIX = lib;
				PRODUCT_NAME = "$(TARGET_NAME)";
				SKIP_INSTALL = YES;
			};
			name = Release;
		};
/* End XCBuildConfiguration section */

/* Begin XCConfigurationList section */
		C533E451232542BE0058C80E /* Build configuration list for PBXProject "libxml_macos" */ = {
			isa = XCConfigurationList;
			buildConfigurations = (
				C533E458232542BE0058C80E /* Debug */,
				C533E459232542BE0058C80E /* Release */,
			);
			defaultConfigurationIsVisible = 0;
			defaultConfigurationName = Release;
		};
		C533E45A232542BE0058C80E /* Build configuration list for PBXNativeTarget "xml" */ = {
			isa = XCConfigurationList;
			buildConfigurations = (
				C533E45B232542BE0058C80E /* Debug */,
				C533E45C232542BE0058C80E /* Release */,
			);
			defaultConfigurationIsVisible = 0;
			defaultConfigurationName = Release;
		};
/* End XCConfigurationList section */
	};
	rootObject = C533E44E232542BE0058C80E /* Project object */;
}
