// !$*UTF8*$!
{
	archiveVersion = 1;
	classes = {
	};
	objectVersion = 50;
	objects = {

/* Begin PBXBuildFile section */
		2898C93220C683EB00249775 /* AppDelegate.m in Sources */ = {isa = PBXBuildFile; fileRef = 2898C93120C683EB00249775 /* AppDelegate.m */; };
		2898C93520C683EB00249775 /* ViewController.m in Sources */ = {isa = PBXBuildFile; fileRef = 2898C93420C683EB00249775 /* ViewController.m */; };
		2898C93820C683EB00249775 /* Main.storyboard in Resources */ = {isa = PBXBuildFile; fileRef = 2898C93620C683EB00249775 /* Main.storyboard */; };
		2898C93A20C683EC00249775 /* Assets.xcassets in Resources */ = {isa = PBXBuildFile; fileRef = 2898C93920C683EC00249775 /* Assets.xcassets */; };
		2898C93D20C683EC00249775 /* LaunchScreen.storyboard in Resources */ = {isa = PBXBuildFile; fileRef = 2898C93B20C683EC00249775 /* LaunchScreen.storyboard */; };
		2898C94020C683EC00249775 /* main.mm in Sources */ = {isa = PBXBuildFile; fileRef = 2898C93F20C683EC00249775 /* main.mm */; };
		2898C97420C6848B00249775 /* libLuakit.a in Frameworks */ = {isa = PBXBuildFile; fileRef = 2898C96A20C6846F00249775 /* libLuakit.a */; };
		2898C97A20C684AA00249775 /* libz.tbd in Frameworks */ = {isa = PBXBuildFile; fileRef = 2898C97920C684AA00249775 /* libz.tbd */; };
		3CF6F49621B8CB9F00B7A811 /* libcurl.a in Frameworks */ = {isa = PBXBuildFile; fileRef = 3CF6F49521B8CB9F00B7A811 /* libcurl.a */; };
		C5383F7F232A933400E8F2A4 /* async_socket_test.lua in Resources */ = {isa = PBXBuildFile; fileRef = C5383F7E232A933400E8F2A4 /* async_socket_test.lua */; };
/* End PBXBuildFile section */

/* Begin PBXContainerItemProxy section */
		2898C96920C6846F00249775 /* PBXContainerItemProxy */ = {
			isa = PBXContainerItemProxy;
			containerPortal = 2898C95C20C6846F00249775 /* Luakit.xcodeproj */;
			proxyType = 2;
			remoteGlobalIDString = 2883AC9120B43DFB005E1F54;
			remoteInfo = Luakit;
		};
		2898C96B20C6847F00249775 /* PBXContainerItemProxy */ = {
			isa = PBXContainerItemProxy;
			containerPortal = 2898C95C20C6846F00249775 /* Luakit.xcodeproj */;
			proxyType = 1;
			remoteGlobalIDString = 2883AC9020B43DFB005E1F54;
			remoteInfo = Luakit;
		};
/* End PBXContainerItemProxy section */

/* Begin PBXFileReference section */
		2898C92D20C683EB00249775 /* AsyncSocketTest.app */ = {isa = PBXFileReference; explicitFileType = wrapper.application; includeInIndex = 0; path = AsyncSocketTest.app; sourceTree = BUILT_PRODUCTS_DIR; };
		2898C93020C683EB00249775 /* AppDelegate.h */ = {isa = PBXFileReference; lastKnownFileType = sourcecode.c.h; path = AppDelegate.h; sourceTree = "<group>"; };
		2898C93120C683EB00249775 /* AppDelegate.m */ = {isa = PBXFileReference; lastKnownFileType = sourcecode.c.objc; path = AppDelegate.m; sourceTree = "<group>"; };
		2898C93320C683EB00249775 /* ViewController.h */ = {isa = PBXFileReference; lastKnownFileType = sourcecode.c.h; path = ViewController.h; sourceTree = "<group>"; };
		2898C93420C683EB00249775 /* ViewController.m */ = {isa = PBXFileReference; lastKnownFileType = sourcecode.c.objc; path = ViewController.m; sourceTree = "<group>"; };
		2898C93720C683EB00249775 /* Base */ = {isa = PBXFileReference; lastKnownFileType = file.storyboard; name = Base; path = Base.lproj/Main.storyboard; sourceTree = "<group>"; };
		2898C93920C683EC00249775 /* Assets.xcassets */ = {isa = PBXFileReference; lastKnownFileType = folder.assetcatalog; path = Assets.xcassets; sourceTree = "<group>"; };
		2898C93C20C683EC00249775 /* Base */ = {isa = PBXFileReference; lastKnownFileType = file.storyboard; name = Base; path = Base.lproj/LaunchScreen.storyboard; sourceTree = "<group>"; };
		2898C93E20C683EC00249775 /* Info.plist */ = {isa = PBXFileReference; lastKnownFileType = text.plist.xml; path = Info.plist; sourceTree = "<group>"; };
		2898C93F20C683EC00249775 /* main.mm */ = {isa = PBXFileReference; lastKnownFileType = sourcecode.cpp.objcpp; path = main.mm; sourceTree = "<group>"; };
		2898C95C20C6846F00249775 /* Luakit.xcodeproj */ = {isa = PBXFileReference; lastKnownFileType = "wrapper.pb-project"; name = Luakit.xcodeproj; path = ../../IOSFrameWork/Luakit.xcodeproj; sourceTree = "<group>"; };
		2898C97920C684AA00249775 /* libz.tbd */ = {isa = PBXFileReference; lastKnownFileType = "sourcecode.text-based-dylib-definition"; name = libz.tbd; path = usr/lib/libz.tbd; sourceTree = SDKROOT; };
		3CF6F49521B8CB9F00B7A811 /* libcurl.a */ = {isa = PBXFileReference; lastKnownFileType = archive.ar; name = libcurl.a; path = ../../src/curl/ios/lib/libcurl.a; sourceTree = "<group>"; };
		C5383F7E232A933400E8F2A4 /* async_socket_test.lua */ = {isa = PBXFileReference; fileEncoding = 4; lastKnownFileType = text; name = async_socket_test.lua; path = AsyncSocketTest/lua/async_socket_test.lua; sourceTree = "<group>"; };
/* End PBXFileReference section */

/* Begin PBXFrameworksBuildPhase section */
		2898C92A20C683EB00249775 /* Frameworks */ = {
			isa = PBXFrameworksBuildPhase;
			buildActionMask = 2147483647;
			files = (
				3CF6F49621B8CB9F00B7A811 /* libcurl.a in Frameworks */,
				2898C97A20C684AA00249775 /* libz.tbd in Frameworks */,
				2898C97420C6848B00249775 /* libLuakit.a in Frameworks */,
			);
			runOnlyForDeploymentPostprocessing = 0;
		};
/* End PBXFrameworksBuildPhase section */

/* Begin PBXGroup section */
		2898C92420C683EB00249775 = {
			isa = PBXGroup;
			children = (
				C5383F7E232A933400E8F2A4 /* async_socket_test.lua */,
				2898C95C20C6846F00249775 /* Luakit.xcodeproj */,
				2898C92F20C683EB00249775 /* AsyncSocketTest */,
				2898C92E20C683EB00249775 /* Products */,
				2898C96D20C6848B00249775 /* Frameworks */,
			);
			sourceTree = "<group>";
		};
		2898C92E20C683EB00249775 /* Products */ = {
			isa = PBXGroup;
			children = (
				2898C92D20C683EB00249775 /* AsyncSocketTest.app */,
			);
			name = Products;
			sourceTree = "<group>";
		};
		2898C92F20C683EB00249775 /* AsyncSocketTest */ = {
			isa = PBXGroup;
			children = (
				2898C93020C683EB00249775 /* AppDelegate.h */,
				2898C93120C683EB00249775 /* AppDelegate.m */,
				2898C93320C683EB00249775 /* ViewController.h */,
				2898C93420C683EB00249775 /* ViewController.m */,
				2898C93620C683EB00249775 /* Main.storyboard */,
				2898C93920C683EC00249775 /* Assets.xcassets */,
				2898C93B20C683EC00249775 /* LaunchScreen.storyboard */,
				2898C93E20C683EC00249775 /* Info.plist */,
				2898C93F20C683EC00249775 /* main.mm */,
			);
			path = AsyncSocketTest;
			sourceTree = "<group>";
		};
		2898C95D20C6846F00249775 /* Products */ = {
			isa = PBXGroup;
			children = (
				2898C96A20C6846F00249775 /* libLuakit.a */,
			);
			name = Products;
			sourceTree = "<group>";
		};
		2898C96D20C6848B00249775 /* Frameworks */ = {
			isa = PBXGroup;
			children = (
				3CF6F49521B8CB9F00B7A811 /* libcurl.a */,
				2898C97920C684AA00249775 /* libz.tbd */,
			);
			name = Frameworks;
			sourceTree = "<group>";
		};
/* End PBXGroup section */

/* Begin PBXNativeTarget section */
		2898C92C20C683EB00249775 /* AsyncSocketTest */ = {
			isa = PBXNativeTarget;
			buildConfigurationList = 2898C94320C683EC00249775 /* Build configuration list for PBXNativeTarget "AsyncSocketTest" */;
			buildPhases = (
				2898C92920C683EB00249775 /* Sources */,
				2898C92A20C683EB00249775 /* Frameworks */,
				2898C92B20C683EB00249775 /* Resources */,
			);
			buildRules = (
			);
			dependencies = (
				2898C96C20C6847F00249775 /* PBXTargetDependency */,
			);
			name = AsyncSocketTest;
			productName = AsyncSocketTest;
			productReference = 2898C92D20C683EB00249775 /* AsyncSocketTest.app */;
			productType = "com.apple.product-type.application";
		};
/* End PBXNativeTarget section */

/* Begin PBXProject section */
		2898C92520C683EB00249775 /* Project object */ = {
			isa = PBXProject;
			attributes = {
				LastUpgradeCheck = 0940;
				ORGANIZATIONNAME = williamwen;
				TargetAttributes = {
					2898C92C20C683EB00249775 = {
						CreatedOnToolsVersion = 9.4;
					};
				};
			};
			buildConfigurationList = 2898C92820C683EB00249775 /* Build configuration list for PBXProject "AsyncSocketTest" */;
			compatibilityVersion = "Xcode 9.3";
			developmentRegion = en;
			hasScannedForEncodings = 0;
			knownRegions = (
				en,
				Base,
			);
			mainGroup = 2898C92420C683EB00249775;
			productRefGroup = 2898C92E20C683EB00249775 /* Products */;
			projectDirPath = "";
			projectReferences = (
				{
					ProductGroup = 2898C95D20C6846F00249775 /* Products */;
					ProjectRef = 2898C95C20C6846F00249775 /* Luakit.xcodeproj */;
				},
			);
			projectRoot = "";
			targets = (
				2898C92C20C683EB00249775 /* AsyncSocketTest */,
			);
		};
/* End PBXProject section */

/* Begin PBXReferenceProxy section */
		2898C96A20C6846F00249775 /* libLuakit.a */ = {
			isa = PBXReferenceProxy;
			fileType = archive.ar;
			path = libLuakit.a;
			remoteRef = 2898C96920C6846F00249775 /* PBXContainerItemProxy */;
			sourceTree = BUILT_PRODUCTS_DIR;
		};
/* End PBXReferenceProxy section */

/* Begin PBXResourcesBuildPhase section */
		2898C92B20C683EB00249775 /* Resources */ = {
			isa = PBXResourcesBuildPhase;
			buildActionMask = 2147483647;
			files = (
				2898C93D20C683EC00249775 /* LaunchScreen.storyboard in Resources */,
				2898C93A20C683EC00249775 /* Assets.xcassets in Resources */,
				C5383F7F232A933400E8F2A4 /* async_socket_test.lua in Resources */,
				2898C93820C683EB00249775 /* Main.storyboard in Resources */,
			);
			runOnlyForDeploymentPostprocessing = 0;
		};
/* End PBXResourcesBuildPhase section */

/* Begin PBXSourcesBuildPhase section */
		2898C92920C683EB00249775 /* Sources */ = {
			isa = PBXSourcesBuildPhase;
			buildActionMask = 2147483647;
			files = (
				2898C93520C683EB00249775 /* ViewController.m in Sources */,
				2898C94020C683EC00249775 /* main.mm in Sources */,
				2898C93220C683EB00249775 /* AppDelegate.m in Sources */,
			);
			runOnlyForDeploymentPostprocessing = 0;
		};
/* End PBXSourcesBuildPhase section */

/* Begin PBXTargetDependency section */
		2898C96C20C6847F00249775 /* PBXTargetDependency */ = {
			isa = PBXTargetDependency;
			name = Luakit;
			targetProxy = 2898C96B20C6847F00249775 /* PBXContainerItemProxy */;
		};
/* End PBXTargetDependency section */

/* Begin PBXVariantGroup section */
		2898C93620C683EB00249775 /* Main.storyboard */ = {
			isa = PBXVariantGroup;
			children = (
				2898C93720C683EB00249775 /* Base */,
			);
			name = Main.storyboard;
			sourceTree = "<group>";
		};
		2898C93B20C683EC00249775 /* LaunchScreen.storyboard */ = {
			isa = PBXVariantGroup;
			children = (
				2898C93C20C683EC00249775 /* Base */,
			);
			name = LaunchScreen.storyboard;
			sourceTree = "<group>";
		};
/* End PBXVariantGroup section */

/* Begin XCBuildConfiguration section */
		2898C94120C683EC00249775 /* Debug */ = {
			isa = XCBuildConfiguration;
			buildSettings = {
				ALWAYS_SEARCH_USER_PATHS = NO;
				CLANG_ANALYZER_NONNULL = YES;
				CLANG_ANALYZER_NUMBER_OBJECT_CONVERSION = YES_AGGRESSIVE;
				CLANG_CXX_LANGUAGE_STANDARD = "gnu++14";
				CLANG_CXX_LIBRARY = "libc++";
				CLANG_ENABLE_MODULES = YES;
				CLANG_ENABLE_OBJC_ARC = YES;
				CLANG_ENABLE_OBJC_WEAK = YES;
				CLANG_WARN_BLOCK_CAPTURE_AUTORELEASING = YES;
				CLANG_WARN_BOOL_CONVERSION = YES;
				CLANG_WARN_COMMA = YES;
				CLANG_WARN_CONSTANT_CONVERSION = YES;
				CLANG_WARN_DEPRECATED_OBJC_IMPLEMENTATIONS = YES;
				CLANG_WARN_DIRECT_OBJC_ISA_USAGE = YES_ERROR;
				CLANG_WARN_DOCUMENTATION_COMMENTS = YES;
				CLANG_WARN_EMPTY_BODY = YES;
				CLANG_WARN_ENUM_CONVERSION = YES;
				CLANG_WARN_INFINITE_RECURSION = YES;
				CLANG_WARN_INT_CONVERSION = YES;
				CLANG_WARN_NON_LITERAL_NULL_CONVERSION = YES;
				CLANG_WARN_OBJC_IMPLICIT_RETAIN_SELF = YES;
				CLANG_WARN_OBJC_LITERAL_CONVERSION = YES;
				CLANG_WARN_OBJC_ROOT_CLASS = YES_ERROR;
				CLANG_WARN_RANGE_LOOP_ANALYSIS = YES;
				CLANG_WARN_STRICT_PROTOTYPES = YES;
				CLANG_WARN_SUSPICIOUS_MOVE = YES;
				CLANG_WARN_UNGUARDED_AVAILABILITY = YES_AGGRESSIVE;
				CLANG_WARN_UNREACHABLE_CODE = YES;
				CLANG_WARN__DUPLICATE_METHOD_MATCH = YES;
				CODE_SIGN_IDENTITY = "iPhone Developer";
				COPY_PHASE_STRIP = NO;
				DEBUG_INFORMATION_FORMAT = dwarf;
				ENABLE_STRICT_OBJC_MSGSEND = YES;
				ENABLE_TESTABILITY = YES;
				GCC_C_LANGUAGE_STANDARD = gnu11;
				GCC_DYNAMIC_NO_PIC = NO;
				GCC_NO_COMMON_BLOCKS = YES;
				GCC_OPTIMIZATION_LEVEL = 0;
				GCC_PREPROCESSOR_DEFINITIONS = (
					"DEBUG=1",
					"$(inherited)",
				);
				GCC_WARN_64_TO_32_BIT_CONVERSION = YES;
				GCC_WARN_ABOUT_RETURN_TYPE = YES_ERROR;
				GCC_WARN_UNDECLARED_SELECTOR = YES;
				GCC_WARN_UNINITIALIZED_AUTOS = YES_AGGRESSIVE;
				GCC_WARN_UNUSED_FUNCTION = YES;
				GCC_WARN_UNUSED_VARIABLE = YES;
				IPHONEOS_DEPLOYMENT_TARGET = 11.4;
				MTL_ENABLE_DEBUG_INFO = YES;
				ONLY_ACTIVE_ARCH = YES;
				SDKROOT = iphoneos;
			};
			name = Debug;
		};
		2898C94220C683EC00249775 /* Release */ = {
			isa = XCBuildConfiguration;
			buildSettings = {
				ALWAYS_SEARCH_USER_PATHS = NO;
				CLANG_ANALYZER_NONNULL = YES;
				CLANG_ANALYZER_NUMBER_OBJECT_CONVERSION = YES_AGGRESSIVE;
				CLANG_CXX_LANGUAGE_STANDARD = "gnu++14";
				CLANG_CXX_LIBRARY = "libc++";
				CLANG_ENABLE_MODULES = YES;
				CLANG_ENABLE_OBJC_ARC = YES;
				CLANG_ENABLE_OBJC_WEAK = YES;
				CLANG_WARN_BLOCK_CAPTURE_AUTORELEASING = YES;
				CLANG_WARN_BOOL_CONVERSION = YES;
				CLANG_WARN_COMMA = YES;
				CLANG_WARN_CONSTANT_CONVERSION = YES;
				CLANG_WARN_DEPRECATED_OBJC_IMPLEMENTATIONS = YES;
				CLANG_WARN_DIRECT_OBJC_ISA_USAGE = YES_ERROR;
				CLANG_WARN_DOCUMENTATION_COMMENTS = YES;
				CLANG_WARN_EMPTY_BODY = YES;
				CLANG_WARN_ENUM_CONVERSION = YES;
				CLANG_WARN_INFINITE_RECURSION = YES;
				CLANG_WARN_INT_CONVERSION = YES;
				CLANG_WARN_NON_LITERAL_NULL_CONVERSION = YES;
				CLANG_WARN_OBJC_IMPLICIT_RETAIN_SELF = YES;
				CLANG_WARN_OBJC_LITERAL_CONVERSION = YES;
				CLANG_WARN_OBJC_ROOT_CLASS = YES_ERROR;
				CLANG_WARN_RANGE_LOOP_ANALYSIS = YES;
				CLANG_WARN_STRICT_PROTOTYPES = YES;
				CLANG_WARN_SUSPICIOUS_MOVE = YES;
				CLANG_WARN_UNGUARDED_AVAILABILITY = YES_AGGRESSIVE;
				CLANG_WARN_UNREACHABLE_CODE = YES;
				CLANG_WARN__DUPLICATE_METHOD_MATCH = YES;
				CODE_SIGN_IDENTITY = "iPhone Developer";
				COPY_PHASE_STRIP = NO;
				DEBUG_INFORMATION_FORMAT = "dwarf-with-dsym";
				ENABLE_NS_ASSERTIONS = NO;
				ENABLE_STRICT_OBJC_MSGSEND = YES;
				GCC_C_LANGUAGE_STANDARD = gnu11;
				GCC_NO_COMMON_BLOCKS = YES;
				GCC_WARN_64_TO_32_BIT_CONVERSION = YES;
				GCC_WARN_ABOUT_RETURN_TYPE = YES_ERROR;
				GCC_WARN_UNDECLARED_SELECTOR = YES;
				GCC_WARN_UNINITIALIZED_AUTOS = YES_AGGRESSIVE;
				GCC_WARN_UNUSED_FUNCTION = YES;
				GCC_WARN_UNUSED_VARIABLE = YES;
				IPHONEOS_DEPLOYMENT_TARGET = 11.4;
				MTL_ENABLE_DEBUG_INFO = NO;
				SDKROOT = iphoneos;
				VALIDATE_PRODUCT = YES;
			};
			name = Release;
		};
		2898C94420C683EC00249775 /* Debug */ = {
			isa = XCBuildConfiguration;
			buildSettings = {
				ASSETCATALOG_COMPILER_APPICON_NAME = AppIcon;
				CODE_SIGN_STYLE = Automatic;
				DEVELOPMENT_TEAM = 5YY4QLF92X;
				ENABLE_BITCODE = NO;
				HEADER_SEARCH_PATHS = (
					"$(SRCROOT)/../../src",
					"$(SRCROOT)/../../IOSFrameWork/Luakit/OCHelper",
					"$(SRCROOT)/../../src/common",
					"$(SRCROOT)/../../src/lua-5.1.5/lua",
				);
				INFOPLIST_FILE = AsyncSocketTest/Info.plist;
				IPHONEOS_DEPLOYMENT_TARGET = 9.0;
				LD_RUNPATH_SEARCH_PATHS = (
					"$(inherited)",
					"@executable_path/Frameworks",
				);
				LIBRARY_SEARCH_PATHS = "$(SRCROOT)/../../src/curl/ios/lib";
				PRODUCT_BUNDLE_IDENTIFIER = com.luakit.AsyncSocketTest;
				PRODUCT_NAME = "$(TARGET_NAME)";
				TARGETED_DEVICE_FAMILY = "1,2";
			};
			name = Debug;
		};
		2898C94520C683EC00249775 /* Release */ = {
			isa = XCBuildConfiguration;
			buildSettings = {
				ASSETCATALOG_COMPILER_APPICON_NAME = AppIcon;
				CODE_SIGN_STYLE = Automatic;
				DEVELOPMENT_TEAM = 5YY4QLF92X;
				ENABLE_BITCODE = NO;
				HEADER_SEARCH_PATHS = (
					"$(SRCROOT)/../../src",
					"$(SRCROOT)/../../IOSFrameWork/Luakit/OCHelper",
					"$(SRCROOT)/../../src/common",
					"$(SRCROOT)/../../src/lua-5.1.5/lua",
				);
				INFOPLIST_FILE = AsyncSocketTest/Info.plist;
				IPHONEOS_DEPLOYMENT_TARGET = 9.0;
				LD_RUNPATH_SEARCH_PATHS = (
					"$(inherited)",
					"@executable_path/Frameworks",
				);
				LIBRARY_SEARCH_PATHS = "$(SRCROOT)/../../src/curl/ios/lib";
				PRODUCT_BUNDLE_IDENTIFIER = com.luakit.AsyncSocketTest;
				PRODUCT_NAME = "$(TARGET_NAME)";
				TARGETED_DEVICE_FAMILY = "1,2";
			};
			name = Release;
		};
/* End XCBuildConfiguration section */

/* Begin XCConfigurationList section */
		2898C92820C683EB00249775 /* Build configuration list for PBXProject "AsyncSocketTest" */ = {
			isa = XCConfigurationList;
			buildConfigurations = (
				2898C94120C683EC00249775 /* Debug */,
				2898C94220C683EC00249775 /* Release */,
			);
			defaultConfigurationIsVisible = 0;
			defaultConfigurationName = Release;
		};
		2898C94320C683EC00249775 /* Build configuration list for PBXNativeTarget "AsyncSocketTest" */ = {
			isa = XCConfigurationList;
			buildConfigurations = (
				2898C94420C683EC00249775 /* Debug */,
				2898C94520C683EC00249775 /* Release */,
			);
			defaultConfigurationIsVisible = 0;
			defaultConfigurationName = Release;
		};
/* End XCConfigurationList section */
	};
	rootObject = 2898C92520C683EB00249775 /* Project object */;
}
