// !$*UTF8*$!
{
	archiveVersion = 1;
	classes = {
	};
	objectVersion = 50;
	objects = {

/* Begin PBXBuildFile section */
		C56DE721232F722400253F26 /* AppDelegate.m in Sources */ = {isa = PBXBuildFile; fileRef = C56DE720232F722400253F26 /* AppDelegate.m */; };
		C56DE726232F722500253F26 /* Assets.xcassets in Resources */ = {isa = PBXBuildFile; fileRef = C56DE725232F722500253F26 /* Assets.xcassets */; };
		C56DE729232F722500253F26 /* Main.storyboard in Resources */ = {isa = PBXBuildFile; fileRef = C56DE727232F722500253F26 /* Main.storyboard */; };
		C56DE73E232F746900253F26 /* main.mm in Sources */ = {isa = PBXBuildFile; fileRef = C56DE73A232F746800253F26 /* main.mm */; };
		C56DE73F232F746900253F26 /* ViewController.mm in Sources */ = {isa = PBXBuildFile; fileRef = C56DE73B232F746800253F26 /* ViewController.mm */; };
		C56DE740232F746900253F26 /* WeatherManager.mm in Sources */ = {isa = PBXBuildFile; fileRef = C56DE73D232F746900253F26 /* WeatherManager.mm */; };
		C56DE771232F755B00253F26 /* lua in Resources */ = {isa = PBXBuildFile; fileRef = C56DE770232F755B00253F26 /* lua */; };
		C5DB92A223300025007FD2DF /* libLuakit.a in Frameworks */ = {isa = PBXBuildFile; fileRef = C5DB929A232FFF3F007FD2DF /* libLuakit.a */; };
		C5DB92B323300097007FD2DF /* libbase.a in Frameworks */ = {isa = PBXBuildFile; fileRef = C5DB92B223300097007FD2DF /* libbase.a */; };
		C5DB92B523300097007FD2DF /* libcommon.a in Frameworks */ = {isa = PBXBuildFile; fileRef = C5DB92B423300097007FD2DF /* libcommon.a */; };
		C5DB92B723300097007FD2DF /* libcurl.a in Frameworks */ = {isa = PBXBuildFile; fileRef = C5DB92B623300097007FD2DF /* libcurl.a */; };
		C5DB92B923300097007FD2DF /* libdynamic_annotations.a in Frameworks */ = {isa = PBXBuildFile; fileRef = C5DB92B823300097007FD2DF /* libdynamic_annotations.a */; };
		C5DB92BB23300097007FD2DF /* libevent.a in Frameworks */ = {isa = PBXBuildFile; fileRef = C5DB92BA23300097007FD2DF /* libevent.a */; };
		C5DB92BD23300097007FD2DF /* liblua.a in Frameworks */ = {isa = PBXBuildFile; fileRef = C5DB92BC23300097007FD2DF /* liblua.a */; };
		C5DB92BF23300097007FD2DF /* libmodp_b64.a in Frameworks */ = {isa = PBXBuildFile; fileRef = C5DB92BE23300097007FD2DF /* libmodp_b64.a */; };
		C5DB92C123300097007FD2DF /* libxml.a in Frameworks */ = {isa = PBXBuildFile; fileRef = C5DB92C023300097007FD2DF /* libxml.a */; };
/* End PBXBuildFile section */

/* Begin PBXContainerItemProxy section */
		C5DB9299232FFF3F007FD2DF /* PBXContainerItemProxy */ = {
			isa = PBXContainerItemProxy;
			containerPortal = C5DB928D232FFF3F007FD2DF /* Luakit_macos.xcodeproj */;
			proxyType = 2;
			remoteGlobalIDString = C5DB911D232FF69F007FD2DF;
			remoteInfo = Luakit;
		};
/* End PBXContainerItemProxy section */

/* Begin PBXFileReference section */
		C56DE71C232F722400253F26 /* WeatherTest.app */ = {isa = PBXFileReference; explicitFileType = wrapper.application; includeInIndex = 0; path = WeatherTest.app; sourceTree = BUILT_PRODUCTS_DIR; };
		C56DE71F232F722400253F26 /* AppDelegate.h */ = {isa = PBXFileReference; lastKnownFileType = sourcecode.c.h; path = AppDelegate.h; sourceTree = "<group>"; };
		C56DE720232F722400253F26 /* AppDelegate.m */ = {isa = PBXFileReference; lastKnownFileType = sourcecode.c.objc; path = AppDelegate.m; sourceTree = "<group>"; };
		C56DE722232F722400253F26 /* ViewController.h */ = {isa = PBXFileReference; lastKnownFileType = sourcecode.c.h; path = ViewController.h; sourceTree = "<group>"; };
		C56DE725232F722500253F26 /* Assets.xcassets */ = {isa = PBXFileReference; lastKnownFileType = folder.assetcatalog; path = Assets.xcassets; sourceTree = "<group>"; };
		C56DE728232F722500253F26 /* Base */ = {isa = PBXFileReference; lastKnownFileType = file.storyboard; name = Base; path = Base.lproj/Main.storyboard; sourceTree = "<group>"; };
		C56DE72A232F722500253F26 /* Info.plist */ = {isa = PBXFileReference; lastKnownFileType = text.plist.xml; path = Info.plist; sourceTree = "<group>"; };
		C56DE72D232F722500253F26 /* WeatherTest.entitlements */ = {isa = PBXFileReference; lastKnownFileType = text.plist.entitlements; path = WeatherTest.entitlements; sourceTree = "<group>"; };
		C56DE73A232F746800253F26 /* main.mm */ = {isa = PBXFileReference; fileEncoding = 4; lastKnownFileType = sourcecode.cpp.objcpp; path = main.mm; sourceTree = "<group>"; };
		C56DE73B232F746800253F26 /* ViewController.mm */ = {isa = PBXFileReference; fileEncoding = 4; lastKnownFileType = sourcecode.cpp.objcpp; path = ViewController.mm; sourceTree = "<group>"; };
		C56DE73C232F746800253F26 /* WeatherManager.h */ = {isa = PBXFileReference; fileEncoding = 4; lastKnownFileType = sourcecode.c.h; path = WeatherManager.h; sourceTree = "<group>"; };
		C56DE73D232F746900253F26 /* WeatherManager.mm */ = {isa = PBXFileReference; fileEncoding = 4; lastKnownFileType = sourcecode.cpp.objcpp; path = WeatherManager.mm; sourceTree = "<group>"; };
		C56DE770232F755B00253F26 /* lua */ = {isa = PBXFileReference; lastKnownFileType = folder; name = lua; path = WeatherTest/lua; sourceTree = "<group>"; };
		C5DB928D232FFF3F007FD2DF /* Luakit_macos.xcodeproj */ = {isa = PBXFileReference; lastKnownFileType = "wrapper.pb-project"; name = Luakit_macos.xcodeproj; path = ../../MacosFramework/Luakit_macos.xcodeproj; sourceTree = "<group>"; };
		C5DB92B223300097007FD2DF /* libbase.a */ = {isa = PBXFileReference; explicitFileType = archive.ar; path = libbase.a; sourceTree = BUILT_PRODUCTS_DIR; };
		C5DB92B423300097007FD2DF /* libcommon.a */ = {isa = PBXFileReference; explicitFileType = archive.ar; path = libcommon.a; sourceTree = BUILT_PRODUCTS_DIR; };
		C5DB92B623300097007FD2DF /* libcurl.a */ = {isa = PBXFileReference; explicitFileType = archive.ar; path = libcurl.a; sourceTree = BUILT_PRODUCTS_DIR; };
		C5DB92B823300097007FD2DF /* libdynamic_annotations.a */ = {isa = PBXFileReference; explicitFileType = archive.ar; path = libdynamic_annotations.a; sourceTree = BUILT_PRODUCTS_DIR; };
		C5DB92BA23300097007FD2DF /* libevent.a */ = {isa = PBXFileReference; explicitFileType = archive.ar; path = libevent.a; sourceTree = BUILT_PRODUCTS_DIR; };
		C5DB92BC23300097007FD2DF /* liblua.a */ = {isa = PBXFileReference; explicitFileType = archive.ar; path = liblua.a; sourceTree = BUILT_PRODUCTS_DIR; };
		C5DB92BE23300097007FD2DF /* libmodp_b64.a */ = {isa = PBXFileReference; explicitFileType = archive.ar; path = libmodp_b64.a; sourceTree = BUILT_PRODUCTS_DIR; };
		C5DB92C023300097007FD2DF /* libxml.a */ = {isa = PBXFileReference; explicitFileType = archive.ar; path = libxml.a; sourceTree = BUILT_PRODUCTS_DIR; };
/* End PBXFileReference section */

/* Begin PBXFrameworksBuildPhase section */
		C56DE719232F722400253F26 /* Frameworks */ = {
			isa = PBXFrameworksBuildPhase;
			buildActionMask = 2147483647;
			files = (
				C5DB92B323300097007FD2DF /* libbase.a in Frameworks */,
				C5DB92B523300097007FD2DF /* libcommon.a in Frameworks */,
				C5DB92B723300097007FD2DF /* libcurl.a in Frameworks */,
				C5DB92B923300097007FD2DF /* libdynamic_annotations.a in Frameworks */,
				C5DB92BB23300097007FD2DF /* libevent.a in Frameworks */,
				C5DB92BD23300097007FD2DF /* liblua.a in Frameworks */,
				C5DB92BF23300097007FD2DF /* libmodp_b64.a in Frameworks */,
				C5DB92C123300097007FD2DF /* libxml.a in Frameworks */,
				C5DB92A223300025007FD2DF /* libLuakit.a in Frameworks */,
			);
			runOnlyForDeploymentPostprocessing = 0;
		};
/* End PBXFrameworksBuildPhase section */

/* Begin PBXGroup section */
		C56DE713232F722400253F26 = {
			isa = PBXGroup;
			children = (
				C5DB928D232FFF3F007FD2DF /* Luakit_macos.xcodeproj */,
				C56DE770232F755B00253F26 /* lua */,
				C56DE71E232F722400253F26 /* WeatherTest */,
				C56DE71D232F722400253F26 /* Products */,
				C5DB8DE8232F9AA2007FD2DF /* Frameworks */,
			);
			sourceTree = "<group>";
		};
		C56DE71D232F722400253F26 /* Products */ = {
			isa = PBXGroup;
			children = (
				C56DE71C232F722400253F26 /* WeatherTest.app */,
			);
			name = Products;
			sourceTree = "<group>";
		};
		C56DE71E232F722400253F26 /* WeatherTest */ = {
			isa = PBXGroup;
			children = (
				C56DE73A232F746800253F26 /* main.mm */,
				C56DE73B232F746800253F26 /* ViewController.mm */,
				C56DE73C232F746800253F26 /* WeatherManager.h */,
				C56DE73D232F746900253F26 /* WeatherManager.mm */,
				C56DE71F232F722400253F26 /* AppDelegate.h */,
				C56DE720232F722400253F26 /* AppDelegate.m */,
				C56DE722232F722400253F26 /* ViewController.h */,
				C56DE725232F722500253F26 /* Assets.xcassets */,
				C56DE727232F722500253F26 /* Main.storyboard */,
				C56DE72A232F722500253F26 /* Info.plist */,
				C56DE72D232F722500253F26 /* WeatherTest.entitlements */,
			);
			path = WeatherTest;
			sourceTree = "<group>";
		};
		C5DB8DE8232F9AA2007FD2DF /* Frameworks */ = {
			isa = PBXGroup;
			children = (
				C5DB92B223300097007FD2DF /* libbase.a */,
				C5DB92B423300097007FD2DF /* libcommon.a */,
				C5DB92B623300097007FD2DF /* libcurl.a */,
				C5DB92B823300097007FD2DF /* libdynamic_annotations.a */,
				C5DB92BA23300097007FD2DF /* libevent.a */,
				C5DB92BC23300097007FD2DF /* liblua.a */,
				C5DB92BE23300097007FD2DF /* libmodp_b64.a */,
				C5DB92C023300097007FD2DF /* libxml.a */,
			);
			name = Frameworks;
			sourceTree = "<group>";
		};
		C5DB928E232FFF3F007FD2DF /* Products */ = {
			isa = PBXGroup;
			children = (
				C5DB929A232FFF3F007FD2DF /* libLuakit.a */,
			);
			name = Products;
			sourceTree = "<group>";
		};
/* End PBXGroup section */

/* Begin PBXNativeTarget section */
		C56DE71B232F722400253F26 /* WeatherTest */ = {
			isa = PBXNativeTarget;
			buildConfigurationList = C56DE730232F722500253F26 /* Build configuration list for PBXNativeTarget "WeatherTest" */;
			buildPhases = (
				C56DE718232F722400253F26 /* Sources */,
				C56DE719232F722400253F26 /* Frameworks */,
				C56DE71A232F722400253F26 /* Resources */,
			);
			buildRules = (
			);
			dependencies = (
			);
			name = WeatherTest;
			productName = WeatherTest;
			productReference = C56DE71C232F722400253F26 /* WeatherTest.app */;
			productType = "com.apple.product-type.application";
		};
/* End PBXNativeTarget section */

/* Begin PBXProject section */
		C56DE714232F722400253F26 /* Project object */ = {
			isa = PBXProject;
			attributes = {
				LastUpgradeCheck = 1030;
				ORGANIZATIONNAME = larpoux;
				TargetAttributes = {
					C56DE71B232F722400253F26 = {
						CreatedOnToolsVersion = 10.3;
						SystemCapabilities = {
							com.apple.Sandbox = {
								enabled = 1;
							};
						};
					};
				};
			};
			buildConfigurationList = C56DE717232F722400253F26 /* Build configuration list for PBXProject "WeatherTest" */;
			compatibilityVersion = "Xcode 9.3";
			developmentRegion = en;
			hasScannedForEncodings = 0;
			knownRegions = (
				en,
				Base,
			);
			mainGroup = C56DE713232F722400253F26;
			productRefGroup = C56DE71D232F722400253F26 /* Products */;
			projectDirPath = "";
			projectReferences = (
				{
					ProductGroup = C5DB928E232FFF3F007FD2DF /* Products */;
					ProjectRef = C5DB928D232FFF3F007FD2DF /* Luakit_macos.xcodeproj */;
				},
			);
			projectRoot = "";
			targets = (
				C56DE71B232F722400253F26 /* WeatherTest */,
			);
		};
/* End PBXProject section */

/* Begin PBXReferenceProxy section */
		C5DB929A232FFF3F007FD2DF /* libLuakit.a */ = {
			isa = PBXReferenceProxy;
			fileType = archive.ar;
			path = libLuakit.a;
			remoteRef = C5DB9299232FFF3F007FD2DF /* PBXContainerItemProxy */;
			sourceTree = BUILT_PRODUCTS_DIR;
		};
/* End PBXReferenceProxy section */

/* Begin PBXResourcesBuildPhase section */
		C56DE71A232F722400253F26 /* Resources */ = {
			isa = PBXResourcesBuildPhase;
			buildActionMask = 2147483647;
			files = (
				C56DE726232F722500253F26 /* Assets.xcassets in Resources */,
				C56DE729232F722500253F26 /* Main.storyboard in Resources */,
				C56DE771232F755B00253F26 /* lua in Resources */,
			);
			runOnlyForDeploymentPostprocessing = 0;
		};
/* End PBXResourcesBuildPhase section */

/* Begin PBXSourcesBuildPhase section */
		C56DE718232F722400253F26 /* Sources */ = {
			isa = PBXSourcesBuildPhase;
			buildActionMask = 2147483647;
			files = (
				C56DE740232F746900253F26 /* WeatherManager.mm in Sources */,
				C56DE73E232F746900253F26 /* main.mm in Sources */,
				C56DE721232F722400253F26 /* AppDelegate.m in Sources */,
				C56DE73F232F746900253F26 /* ViewController.mm in Sources */,
			);
			runOnlyForDeploymentPostprocessing = 0;
		};
/* End PBXSourcesBuildPhase section */

/* Begin PBXVariantGroup section */
		C56DE727232F722500253F26 /* Main.storyboard */ = {
			isa = PBXVariantGroup;
			children = (
				C56DE728232F722500253F26 /* Base */,
			);
			name = Main.storyboard;
			sourceTree = "<group>";
		};
/* End PBXVariantGroup section */

/* Begin XCBuildConfiguration section */
		C56DE72E232F722500253F26 /* Debug */ = {
			isa = XCBuildConfiguration;
			buildSettings = {
				ALWAYS_SEARCH_USER_PATHS = NO;
				CLANG_ANALYZER_NONNULL = YES;
				CLANG_ANALYZER_NUMBER_OBJECT_CONVERSION = YES_AGGRESSIVE;
				CLANG_CXX_LANGUAGE_STANDARD = "gnu++14";
				CLANG_CXX_LIBRARY = "libc++";
				CLANG_ENABLE_MODULES = YES;
				CLANG_ENABLE_OBJC_ARC = YES;
				CLANG_ENABLE_OBJC_WEAK = YES;
				CLANG_WARN_BLOCK_CAPTURE_AUTORELEASING = YES;
				CLANG_WARN_BOOL_CONVERSION = YES;
				CLANG_WARN_COMMA = YES;
				CLANG_WARN_CONSTANT_CONVERSION = YES;
				CLANG_WARN_DEPRECATED_OBJC_IMPLEMENTATIONS = YES;
				CLANG_WARN_DIRECT_OBJC_ISA_USAGE = YES_ERROR;
				CLANG_WARN_DOCUMENTATION_COMMENTS = YES;
				CLANG_WARN_EMPTY_BODY = YES;
				CLANG_WARN_ENUM_CONVERSION = YES;
				CLANG_WARN_INFINITE_RECURSION = YES;
				CLANG_WARN_INT_CONVERSION = YES;
				CLANG_WARN_NON_LITERAL_NULL_CONVERSION = YES;
				CLANG_WARN_OBJC_IMPLICIT_RETAIN_SELF = YES;
				CLANG_WARN_OBJC_LITERAL_CONVERSION = YES;
				CLANG_WARN_OBJC_ROOT_CLASS = YES_ERROR;
				CLANG_WARN_RANGE_LOOP_ANALYSIS = YES;
				CLANG_WARN_STRICT_PROTOTYPES = YES;
				CLANG_WARN_SUSPICIOUS_MOVE = YES;
				CLANG_WARN_UNGUARDED_AVAILABILITY = YES_AGGRESSIVE;
				CLANG_WARN_UNREACHABLE_CODE = YES;
				CLANG_WARN__DUPLICATE_METHOD_MATCH = YES;
				CODE_SIGN_IDENTITY = "Mac Developer";
				COPY_PHASE_STRIP = NO;
				DEBUG_INFORMATION_FORMAT = dwarf;
				ENABLE_STRICT_OBJC_MSGSEND = YES;
				ENABLE_TESTABILITY = YES;
				GCC_C_LANGUAGE_STANDARD = gnu11;
				GCC_DYNAMIC_NO_PIC = NO;
				GCC_NO_COMMON_BLOCKS = YES;
				GCC_OPTIMIZATION_LEVEL = 0;
				GCC_PREPROCESSOR_DEFINITIONS = (
					"DEBUG=1",
					"$(inherited)",
				);
				GCC_WARN_64_TO_32_BIT_CONVERSION = YES;
				GCC_WARN_ABOUT_RETURN_TYPE = YES_ERROR;
				GCC_WARN_UNDECLARED_SELECTOR = YES;
				GCC_WARN_UNINITIALIZED_AUTOS = YES_AGGRESSIVE;
				GCC_WARN_UNUSED_FUNCTION = YES;
				GCC_WARN_UNUSED_VARIABLE = YES;
				HEADER_SEARCH_PATHS = (
					"$(SRCROOT)/../../src/lua-5.1.5/lua",
					"$(SRCROOT)/../../src",
					"$(SRCROOT)/../../IOSFrameWork/Luakit/OCHelper",
					"$(SRCROOT)/../../src/common",
				);
				MACOSX_DEPLOYMENT_TARGET = 10.14;
				MTL_ENABLE_DEBUG_INFO = INCLUDE_SOURCE;
				MTL_FAST_MATH = YES;
				ONLY_ACTIVE_ARCH = YES;
				SDKROOT = macosx;
			};
			name = Debug;
		};
		C56DE72F232F722500253F26 /* Release */ = {
			isa = XCBuildConfiguration;
			buildSettings = {
				ALWAYS_SEARCH_USER_PATHS = NO;
				CLANG_ANALYZER_NONNULL = YES;
				CLANG_ANALYZER_NUMBER_OBJECT_CONVERSION = YES_AGGRESSIVE;
				CLANG_CXX_LANGUAGE_STANDARD = "gnu++14";
				CLANG_CXX_LIBRARY = "libc++";
				CLANG_ENABLE_MODULES = YES;
				CLANG_ENABLE_OBJC_ARC = YES;
				CLANG_ENABLE_OBJC_WEAK = YES;
				CLANG_WARN_BLOCK_CAPTURE_AUTORELEASING = YES;
				CLANG_WARN_BOOL_CONVERSION = YES;
				CLANG_WARN_COMMA = YES;
				CLANG_WARN_CONSTANT_CONVERSION = YES;
				CLANG_WARN_DEPRECATED_OBJC_IMPLEMENTATIONS = YES;
				CLANG_WARN_DIRECT_OBJC_ISA_USAGE = YES_ERROR;
				CLANG_WARN_DOCUMENTATION_COMMENTS = YES;
				CLANG_WARN_EMPTY_BODY = YES;
				CLANG_WARN_ENUM_CONVERSION = YES;
				CLANG_WARN_INFINITE_RECURSION = YES;
				CLANG_WARN_INT_CONVERSION = YES;
				CLANG_WARN_NON_LITERAL_NULL_CONVERSION = YES;
				CLANG_WARN_OBJC_IMPLICIT_RETAIN_SELF = YES;
				CLANG_WARN_OBJC_LITERAL_CONVERSION = YES;
				CLANG_WARN_OBJC_ROOT_CLASS = YES_ERROR;
				CLANG_WARN_RANGE_LOOP_ANALYSIS = YES;
				CLANG_WARN_STRICT_PROTOTYPES = YES;
				CLANG_WARN_SUSPICIOUS_MOVE = YES;
				CLANG_WARN_UNGUARDED_AVAILABILITY = YES_AGGRESSIVE;
				CLANG_WARN_UNREACHABLE_CODE = YES;
				CLANG_WARN__DUPLICATE_METHOD_MATCH = YES;
				CODE_SIGN_IDENTITY = "Mac Developer";
				COPY_PHASE_STRIP = NO;
				DEBUG_INFORMATION_FORMAT = "dwarf-with-dsym";
				ENABLE_NS_ASSERTIONS = NO;
				ENABLE_STRICT_OBJC_MSGSEND = YES;
				GCC_C_LANGUAGE_STANDARD = gnu11;
				GCC_NO_COMMON_BLOCKS = YES;
				GCC_WARN_64_TO_32_BIT_CONVERSION = YES;
				GCC_WARN_ABOUT_RETURN_TYPE = YES_ERROR;
				GCC_WARN_UNDECLARED_SELECTOR = YES;
				GCC_WARN_UNINITIALIZED_AUTOS = YES_AGGRESSIVE;
				GCC_WARN_UNUSED_FUNCTION = YES;
				GCC_WARN_UNUSED_VARIABLE = YES;
				HEADER_SEARCH_PATHS = (
					"$(SRCROOT)/../../src/lua-5.1.5/lua",
					"$(SRCROOT)/../../src",
					"$(SRCROOT)/../../IOSFrameWork/Luakit/OCHelper",
					"$(SRCROOT)/../../src/common",
				);
				MACOSX_DEPLOYMENT_TARGET = 10.14;
				MTL_ENABLE_DEBUG_INFO = NO;
				MTL_FAST_MATH = YES;
				SDKROOT = macosx;
			};
			name = Release;
		};
		C56DE731232F722500253F26 /* Debug */ = {
			isa = XCBuildConfiguration;
			buildSettings = {
				ASSETCATALOG_COMPILER_APPICON_NAME = AppIcon;
				CODE_SIGN_ENTITLEMENTS = WeatherTest/WeatherTest.entitlements;
				CODE_SIGN_STYLE = Automatic;
				COMBINE_HIDPI_IMAGES = YES;
				DEVELOPMENT_TEAM = 5YY4QLF92X;
				INFOPLIST_FILE = WeatherTest/Info.plist;
				LD_RUNPATH_SEARCH_PATHS = (
					"$(inherited)",
					"@executable_path/../Frameworks",
				);
				PRODUCT_BUNDLE_IDENTIFIER = Canardoux.WeatherTest;
				PRODUCT_NAME = "$(TARGET_NAME)";
			};
			name = Debug;
		};
		C56DE732232F722500253F26 /* Release */ = {
			isa = XCBuildConfiguration;
			buildSettings = {
				ASSETCATALOG_COMPILER_APPICON_NAME = AppIcon;
				CODE_SIGN_ENTITLEMENTS = WeatherTest/WeatherTest.entitlements;
				CODE_SIGN_STYLE = Automatic;
				COMBINE_HIDPI_IMAGES = YES;
				DEVELOPMENT_TEAM = 5YY4QLF92X;
				INFOPLIST_FILE = WeatherTest/Info.plist;
				LD_RUNPATH_SEARCH_PATHS = (
					"$(inherited)",
					"@executable_path/../Frameworks",
				);
				PRODUCT_BUNDLE_IDENTIFIER = Canardoux.WeatherTest;
				PRODUCT_NAME = "$(TARGET_NAME)";
			};
			name = Release;
		};
/* End XCBuildConfiguration section */

/* Begin XCConfigurationList section */
		C56DE717232F722400253F26 /* Build configuration list for PBXProject "WeatherTest" */ = {
			isa = XCConfigurationList;
			buildConfigurations = (
				C56DE72E232F722500253F26 /* Debug */,
				C56DE72F232F722500253F26 /* Release */,
			);
			defaultConfigurationIsVisible = 0;
			defaultConfigurationName = Release;
		};
		C56DE730232F722500253F26 /* Build configuration list for PBXNativeTarget "WeatherTest" */ = {
			isa = XCConfigurationList;
			buildConfigurations = (
				C56DE731232F722500253F26 /* Debug */,
				C56DE732232F722500253F26 /* Release */,
			);
			defaultConfigurationIsVisible = 0;
			defaultConfigurationName = Release;
		};
/* End XCConfigurationList section */
	};
	rootObject = C56DE714232F722400253F26 /* Project object */;
}
