// !$*UTF8*$!
{
	archiveVersion = 1;
	classes = {
	};
	objectVersion = 50;
	objects = {

/* Begin PBXBuildFile section */
		C57A432C233267B300D893ED /* libbase.a in Frameworks */ = {isa = PBXBuildFile; fileRef = C5218A1623314506001AA895 /* libbase.a */; };
		C57A432E2332682400D893ED /* libcommon.a in Frameworks */ = {isa = PBXBuildFile; fileRef = C52187B423312BA2001AA895 /* libcommon.a */; };
		C57A432F2332682400D893ED /* libcurl.a in Frameworks */ = {isa = PBXBuildFile; fileRef = C5218A092331439C001AA895 /* libcurl.a */; };
		C57A43302332682400D893ED /* libevent.a in Frameworks */ = {isa = PBXBuildFile; fileRef = C57A42B723325E4800D893ED /* libevent.a */; };
		C5CF5D9C233746B50014735C /* libextensions.a in Frameworks */ = {isa = PBXBuildFile; fileRef = C58B060D2336B67100A125C2 /* libextensions.a */; };
		C5CF5D9F233746B50014735C /* libsqlite.a in Frameworks */ = {isa = PBXBuildFile; fileRef = C58B06012336B64700A125C2 /* libsqlite.a */; };
/* End PBXBuildFile section */

/* Begin PBXContainerItemProxy section */
		C52187B323312BA2001AA895 /* PBXContainerItemProxy */ = {
			isa = PBXContainerItemProxy;
			containerPortal = C52187AE23312BA2001AA895 /* common.xcodeproj */;
			proxyType = 2;
			remoteGlobalIDString = 04A4FA121D7464E500E42FE3;
			remoteInfo = common;
		};
		C52187B523312BA2001AA895 /* PBXContainerItemProxy */ = {
			isa = PBXContainerItemProxy;
			containerPortal = C52187AE23312BA2001AA895 /* common.xcodeproj */;
			proxyType = 2;
			remoteGlobalIDString = BA4685D21DD1C8A200A8CCB4;
			remoteInfo = common_unittests;
		};
		C5218A082331439C001AA895 /* PBXContainerItemProxy */ = {
			isa = PBXContainerItemProxy;
			containerPortal = C5218A042331439C001AA895 /* curl.xcodeproj */;
			proxyType = 2;
			remoteGlobalIDString = C521881E23313510001AA895;
			remoteInfo = curl;
		};
		C5218A1523314506001AA895 /* PBXContainerItemProxy */ = {
			isa = PBXContainerItemProxy;
			containerPortal = C5218A0A23314506001AA895 /* base.xcodeproj */;
			proxyType = 2;
			remoteGlobalIDString = A24F8E8AF59B46B92FF23F23;
			remoteInfo = base;
		};
		C57A429723325C7A00D893ED /* PBXContainerItemProxy */ = {
			isa = PBXContainerItemProxy;
			containerPortal = C5218A0A23314506001AA895 /* base.xcodeproj */;
			proxyType = 1;
			remoteGlobalIDString = 5272CB5A73F54B4A0E227C3D;
			remoteInfo = base;
		};
		C57A429923325C7A00D893ED /* PBXContainerItemProxy */ = {
			isa = PBXContainerItemProxy;
			containerPortal = C5218A042331439C001AA895 /* curl.xcodeproj */;
			proxyType = 1;
			remoteGlobalIDString = C521881D23313510001AA895;
			remoteInfo = curl;
		};
		C57A429B23325C7A00D893ED /* PBXContainerItemProxy */ = {
			isa = PBXContainerItemProxy;
			containerPortal = C52187AE23312BA2001AA895 /* common.xcodeproj */;
			proxyType = 1;
			remoteGlobalIDString = 04A4FA111D7464E500E42FE3;
			remoteInfo = common;
		};
		C57A42B623325E4800D893ED /* PBXContainerItemProxy */ = {
			isa = PBXContainerItemProxy;
			containerPortal = C57A42B223325E4800D893ED /* event.xcodeproj */;
			proxyType = 2;
			remoteGlobalIDString = FC3DE02F41FA36BF9BC0714C;
			remoteInfo = libevent;
		};
		C57A43082332646C00D893ED /* PBXContainerItemProxy */ = {
			isa = PBXContainerItemProxy;
			containerPortal = C57A42B223325E4800D893ED /* event.xcodeproj */;
			proxyType = 1;
			remoteGlobalIDString = 3957C557EC3642B16CCFD55B;
			remoteInfo = libevent;
		};
		C58B06002336B64700A125C2 /* PBXContainerItemProxy */ = {
			isa = PBXContainerItemProxy;
			containerPortal = C58B05F72336B64700A125C2 /* sqlite.xcodeproj */;
			proxyType = 2;
			remoteGlobalIDString = C58B03C32336A67E00A125C2;
			remoteInfo = sqlite;
		};
		C58B060C2336B67100A125C2 /* PBXContainerItemProxy */ = {
			isa = PBXContainerItemProxy;
			containerPortal = C58B06082336B67100A125C2 /* extensions.xcodeproj */;
			proxyType = 2;
			remoteGlobalIDString = C58B055D2336B0E200A125C2;
			remoteInfo = extensions;
		};
		C5CF5D8D233746740014735C /* PBXContainerItemProxy */ = {
			isa = PBXContainerItemProxy;
			containerPortal = C58B06082336B67100A125C2 /* extensions.xcodeproj */;
			proxyType = 1;
			remoteGlobalIDString = C58B055C2336B0E200A125C2;
			remoteInfo = extensions;
		};
		C5CF5D91233746740014735C /* PBXContainerItemProxy */ = {
			isa = PBXContainerItemProxy;
			containerPortal = C58B05F72336B64700A125C2 /* sqlite.xcodeproj */;
			proxyType = 1;
			remoteGlobalIDString = C58B03C22336A67E00A125C2;
			remoteInfo = sqlite;
		};
		C5D66A88233BA2700045DEC4 /* PBXContainerItemProxy */ = {
			isa = PBXContainerItemProxy;
			containerPortal = C58B06082336B67100A125C2 /* extensions.xcodeproj */;
			proxyType = 2;
			remoteGlobalIDString = C5F53BB523376173008F114F;
			remoteInfo = "extensions-macos";
		};
		C5D66A91233BA2700045DEC4 /* PBXContainerItemProxy */ = {
			isa = PBXContainerItemProxy;
			containerPortal = C58B05F72336B64700A125C2 /* sqlite.xcodeproj */;
			proxyType = 2;
			remoteGlobalIDString = C5F53C8B2337658C008F114F;
			remoteInfo = "sqlite-macos";
		};
		C5F2DE1E23369F73009DF121 /* PBXContainerItemProxy */ = {
			isa = PBXContainerItemProxy;
			containerPortal = C5218A0A23314506001AA895 /* base.xcodeproj */;
			proxyType = 2;
			remoteGlobalIDString = C5BD05152334B24F00E630F5;
			remoteInfo = "base-macos";
		};
		C5F2DE2223369F73009DF121 /* PBXContainerItemProxy */ = {
			isa = PBXContainerItemProxy;
			containerPortal = C52187AE23312BA2001AA895 /* common.xcodeproj */;
			proxyType = 2;
			remoteGlobalIDString = C5BD045F2334B0BB00E630F5;
			remoteInfo = "common-macos";
		};
		C5F2DE2523369F73009DF121 /* PBXContainerItemProxy */ = {
			isa = PBXContainerItemProxy;
			containerPortal = C5218A042331439C001AA895 /* curl.xcodeproj */;
			proxyType = 2;
			remoteGlobalIDString = C5BD042A2333F4A800E630F5;
			remoteInfo = "curl-macos";
		};
		C5F2DE2823369F73009DF121 /* PBXContainerItemProxy */ = {
			isa = PBXContainerItemProxy;
			containerPortal = C57A42B223325E4800D893ED /* event.xcodeproj */;
			proxyType = 2;
			remoteGlobalIDString = C5BD05F32334C70A00E630F5;
			remoteInfo = "event-macos";
		};
/* End PBXContainerItemProxy section */

/* Begin PBXCopyFilesBuildPhase section */
		2883AC8F20B43DFB005E1F54 /* Copy Files */ = {
			isa = PBXCopyFilesBuildPhase;
			buildActionMask = 2147483647;
			dstPath = "include/$(PRODUCT_NAME)";
			dstSubfolderSpec = 16;
			files = (
			);
			name = "Copy Files";
			runOnlyForDeploymentPostprocessing = 0;
		};
/* End PBXCopyFilesBuildPhase section */

/* Begin PBXFileReference section */
		2883AC9120B43DFB005E1F54 /* libLuakit.a */ = {isa = PBXFileReference; explicitFileType = archive.ar; includeInIndex = 0; path = libLuakit.a; sourceTree = BUILT_PRODUCTS_DIR; };
		C52187AE23312BA2001AA895 /* common.xcodeproj */ = {isa = PBXFileReference; lastKnownFileType = "wrapper.pb-project"; name = common.xcodeproj; path = ../src/common/common.xcodeproj; sourceTree = "<group>"; };
		C5218A042331439C001AA895 /* curl.xcodeproj */ = {isa = PBXFileReference; lastKnownFileType = "wrapper.pb-project"; name = curl.xcodeproj; path = ../src/curl/curl.xcodeproj; sourceTree = "<group>"; };
		C5218A0A23314506001AA895 /* base.xcodeproj */ = {isa = PBXFileReference; lastKnownFileType = "wrapper.pb-project"; name = base.xcodeproj; path = ../src/base/base.xcodeproj; sourceTree = "<group>"; };
		C57A42B223325E4800D893ED /* event.xcodeproj */ = {isa = PBXFileReference; lastKnownFileType = "wrapper.pb-project"; name = event.xcodeproj; path = ../src/libevent/event.xcodeproj; sourceTree = "<group>"; };
		C57A42E5233260F100D893ED /* libssl.a */ = {isa = PBXFileReference; lastKnownFileType = archive.ar; name = libssl.a; path = "../libs/ios12.4-Debug/libssl.a"; sourceTree = "<group>"; };
		C57A42E6233260F100D893ED /* libcrypto.a */ = {isa = PBXFileReference; lastKnownFileType = archive.ar; name = libcrypto.a; path = "../libs/ios12.4-Debug/libcrypto.a"; sourceTree = "<group>"; };
		C58B031A2336A0F500A125C2 /* oc_helpers.h */ = {isa = PBXFileReference; fileEncoding = 4; lastKnownFileType = sourcecode.c.h; name = oc_helpers.h; path = Luakit/OCHelper/oc_helpers.h; sourceTree = "<group>"; };
		C58B031B2336A0F500A125C2 /* oc_callback.h */ = {isa = PBXFileReference; fileEncoding = 4; lastKnownFileType = sourcecode.c.h; name = oc_callback.h; path = Luakit/OCHelper/oc_callback.h; sourceTree = "<group>"; };
		C58B05F72336B64700A125C2 /* sqlite.xcodeproj */ = {isa = PBXFileReference; lastKnownFileType = "wrapper.pb-project"; name = sqlite.xcodeproj; path = "/MacosExt/Users/larpoux/projmac/luakit/src/curl/../sqlite-amalgamation-3290000/sqlite.xcodeproj"; sourceTree = "<absolute>"; };
		C58B06082336B67100A125C2 /* extensions.xcodeproj */ = {isa = PBXFileReference; lastKnownFileType = "wrapper.pb-project"; name = extensions.xcodeproj; path = ../src/extensions/extensions.xcodeproj; sourceTree = "<group>"; };
/* End PBXFileReference section */

/* Begin PBXFrameworksBuildPhase section */
		2883AC8E20B43DFB005E1F54 /* Frameworks */ = {
			isa = PBXFrameworksBuildPhase;
			buildActionMask = 2147483647;
			files = (
				C5CF5D9C233746B50014735C /* libextensions.a in Frameworks */,
				C5CF5D9F233746B50014735C /* libsqlite.a in Frameworks */,
				C57A432E2332682400D893ED /* libcommon.a in Frameworks */,
				C57A432F2332682400D893ED /* libcurl.a in Frameworks */,
				C57A43302332682400D893ED /* libevent.a in Frameworks */,
				C57A432C233267B300D893ED /* libbase.a in Frameworks */,
			);
			runOnlyForDeploymentPostprocessing = 0;
		};
/* End PBXFrameworksBuildPhase section */

/* Begin PBXGroup section */
		2883AC8820B43DFB005E1F54 = {
			isa = PBXGroup;
			children = (
				C58B06082336B67100A125C2 /* extensions.xcodeproj */,
				C58B05F72336B64700A125C2 /* sqlite.xcodeproj */,
				C58B03192336A0D400A125C2 /* OCHelper */,
				C57A42B223325E4800D893ED /* event.xcodeproj */,
				C5218A0A23314506001AA895 /* base.xcodeproj */,
				C5218A042331439C001AA895 /* curl.xcodeproj */,
				C52187AE23312BA2001AA895 /* common.xcodeproj */,
				2883AC9220B43DFB005E1F54 /* Products */,
				2883AEFC20B55606005E1F54 /* Frameworks */,
			);
			sourceTree = "<group>";
		};
		2883AC9220B43DFB005E1F54 /* Products */ = {
			isa = PBXGroup;
			children = (
				2883AC9120B43DFB005E1F54 /* libLuakit.a */,
			);
			name = Products;
			sourceTree = "<group>";
		};
		2883AEFC20B55606005E1F54 /* Frameworks */ = {
			isa = PBXGroup;
			children = (
				C57A42E6233260F100D893ED /* libcrypto.a */,
				C57A42E5233260F100D893ED /* libssl.a */,
			);
			name = Frameworks;
			sourceTree = "<group>";
		};
		C52187AF23312BA2001AA895 /* Products */ = {
			isa = PBXGroup;
			children = (
				C52187B423312BA2001AA895 /* libcommon.a */,
				C52187B623312BA2001AA895 /* libcommon_unittests.a */,
				C5F2DE2323369F73009DF121 /* libcommon-macos.a */,
			);
			name = Products;
			sourceTree = "<group>";
		};
		C5218A052331439C001AA895 /* Products */ = {
			isa = PBXGroup;
			children = (
				C5218A092331439C001AA895 /* libcurl.a */,
				C5F2DE2623369F73009DF121 /* libcurl-macos.a */,
			);
			name = Products;
			sourceTree = "<group>";
		};
		C5218A0B23314506001AA895 /* Products */ = {
			isa = PBXGroup;
			children = (
				C5218A1623314506001AA895 /* libbase.a */,
				C5F2DE1F23369F73009DF121 /* libbase-macos.a */,
			);
			name = Products;
			sourceTree = "<group>";
		};
		C57A42B323325E4800D893ED /* Products */ = {
			isa = PBXGroup;
			children = (
				C57A42B723325E4800D893ED /* libevent.a */,
				C5F2DE2923369F73009DF121 /* libevent-macos.a */,
			);
			name = Products;
			sourceTree = "<group>";
		};
		C58B03192336A0D400A125C2 /* OCHelper */ = {
			isa = PBXGroup;
			children = (
				C58B031B2336A0F500A125C2 /* oc_callback.h */,
				C58B031A2336A0F500A125C2 /* oc_helpers.h */,
			);
			name = OCHelper;
			sourceTree = "<group>";
		};
		C58B05F82336B64700A125C2 /* Products */ = {
			isa = PBXGroup;
			children = (
				C58B06012336B64700A125C2 /* libsqlite.a */,
				C5D66A92233BA2700045DEC4 /* libsqlite-macos.a */,
			);
			name = Products;
			sourceTree = "<group>";
		};
		C58B06092336B67100A125C2 /* Products */ = {
			isa = PBXGroup;
			children = (
				C58B060D2336B67100A125C2 /* libextensions.a */,
				C5D66A89233BA2700045DEC4 /* libextensions-macos.a */,
			);
			name = Products;
			sourceTree = "<group>";
		};
/* End PBXGroup section */

/* Begin PBXNativeTarget section */
		2883AC9020B43DFB005E1F54 /* Luakit */ = {
			isa = PBXNativeTarget;
			buildConfigurationList = 2883AC9A20B43DFB005E1F54 /* Build configuration list for PBXNativeTarget "Luakit" */;
			buildPhases = (
				2883AC8D20B43DFB005E1F54 /* Sources */,
				2883AC8E20B43DFB005E1F54 /* Frameworks */,
				2883AC8F20B43DFB005E1F54 /* Copy Files */,
				C52070D52330D44C00FCDD41 /* ShellScript */,
			);
			buildRules = (
			);
			dependencies = (
				C5CF5D8E233746740014735C /* PBXTargetDependency */,
				C5CF5D92233746740014735C /* PBXTargetDependency */,
				C57A43092332646C00D893ED /* PBXTargetDependency */,
				C57A429823325C7A00D893ED /* PBXTargetDependency */,
				C57A429A23325C7A00D893ED /* PBXTargetDependency */,
				C57A429C23325C7A00D893ED /* PBXTargetDependency */,
			);
			name = Luakit;
			productName = Luakit;
			productReference = 2883AC9120B43DFB005E1F54 /* libLuakit.a */;
			productType = "com.apple.product-type.library.static";
		};
/* End PBXNativeTarget section */

/* Begin PBXProject section */
		2883AC8920B43DFB005E1F54 /* Project object */ = {
			isa = PBXProject;
			attributes = {
				LastUpgradeCheck = 0930;
				ORGANIZATIONNAME = williamwen;
				TargetAttributes = {
					2883AC9020B43DFB005E1F54 = {
						CreatedOnToolsVersion = 9.3.1;
					};
				};
			};
			buildConfigurationList = 2883AC8C20B43DFB005E1F54 /* Build configuration list for PBXProject "Luakit" */;
			compatibilityVersion = "Xcode 9.3";
			developmentRegion = en;
			hasScannedForEncodings = 0;
			knownRegions = (
				en,
			);
			mainGroup = 2883AC8820B43DFB005E1F54;
			productRefGroup = 2883AC9220B43DFB005E1F54 /* Products */;
			projectDirPath = "";
			projectReferences = (
				{
					ProductGroup = C5218A0B23314506001AA895 /* Products */;
					ProjectRef = C5218A0A23314506001AA895 /* base.xcodeproj */;
				},
				{
					ProductGroup = C52187AF23312BA2001AA895 /* Products */;
					ProjectRef = C52187AE23312BA2001AA895 /* common.xcodeproj */;
				},
				{
					ProductGroup = C5218A052331439C001AA895 /* Products */;
					ProjectRef = C5218A042331439C001AA895 /* curl.xcodeproj */;
				},
				{
					ProductGroup = C57A42B323325E4800D893ED /* Products */;
					ProjectRef = C57A42B223325E4800D893ED /* event.xcodeproj */;
				},
				{
					ProductGroup = C58B06092336B67100A125C2 /* Products */;
					ProjectRef = C58B06082336B67100A125C2 /* extensions.xcodeproj */;
				},
				{
					ProductGroup = C58B05F82336B64700A125C2 /* Products */;
					ProjectRef = C58B05F72336B64700A125C2 /* sqlite.xcodeproj */;
				},
			);
			projectRoot = "";
			targets = (
				2883AC9020B43DFB005E1F54 /* Luakit */,
			);
		};
/* End PBXProject section */

/* Begin PBXReferenceProxy section */
		C52187B423312BA2001AA895 /* libcommon.a */ = {
			isa = PBXReferenceProxy;
			fileType = archive.ar;
			path = libcommon.a;
			remoteRef = C52187B323312BA2001AA895 /* PBXContainerItemProxy */;
			sourceTree = BUILT_PRODUCTS_DIR;
		};
		C52187B623312BA2001AA895 /* libcommon_unittests.a */ = {
			isa = PBXReferenceProxy;
			fileType = archive.ar;
			path = libcommon_unittests.a;
			remoteRef = C52187B523312BA2001AA895 /* PBXContainerItemProxy */;
			sourceTree = BUILT_PRODUCTS_DIR;
		};
		C5218A092331439C001AA895 /* libcurl.a */ = {
			isa = PBXReferenceProxy;
			fileType = archive.ar;
			path = libcurl.a;
			remoteRef = C5218A082331439C001AA895 /* PBXContainerItemProxy */;
			sourceTree = BUILT_PRODUCTS_DIR;
		};
		C5218A1623314506001AA895 /* libbase.a */ = {
			isa = PBXReferenceProxy;
			fileType = archive.ar;
			path = libbase.a;
			remoteRef = C5218A1523314506001AA895 /* PBXContainerItemProxy */;
			sourceTree = BUILT_PRODUCTS_DIR;
		};
		C57A42B723325E4800D893ED /* libevent.a */ = {
			isa = PBXReferenceProxy;
			fileType = archive.ar;
			path = libevent.a;
			remoteRef = C57A42B623325E4800D893ED /* PBXContainerItemProxy */;
			sourceTree = BUILT_PRODUCTS_DIR;
		};
		C58B06012336B64700A125C2 /* libsqlite.a */ = {
			isa = PBXReferenceProxy;
			fileType = archive.ar;
			path = libsqlite.a;
			remoteRef = C58B06002336B64700A125C2 /* PBXContainerItemProxy */;
			sourceTree = BUILT_PRODUCTS_DIR;
		};
		C58B060D2336B67100A125C2 /* libextensions.a */ = {
			isa = PBXReferenceProxy;
			fileType = archive.ar;
			path = libextensions.a;
			remoteRef = C58B060C2336B67100A125C2 /* PBXContainerItemProxy */;
			sourceTree = BUILT_PRODUCTS_DIR;
		};
		C5D66A89233BA2700045DEC4 /* libextensions-macos.a */ = {
			isa = PBXReferenceProxy;
			fileType = archive.ar;
			path = "libextensions-macos.a";
			remoteRef = C5D66A88233BA2700045DEC4 /* PBXContainerItemProxy */;
			sourceTree = BUILT_PRODUCTS_DIR;
		};
		C5D66A92233BA2700045DEC4 /* libsqlite-macos.a */ = {
			isa = PBXReferenceProxy;
			fileType = archive.ar;
			path = "libsqlite-macos.a";
			remoteRef = C5D66A91233BA2700045DEC4 /* PBXContainerItemProxy */;
			sourceTree = BUILT_PRODUCTS_DIR;
		};
		C5F2DE1F23369F73009DF121 /* libbase-macos.a */ = {
			isa = PBXReferenceProxy;
			fileType = archive.ar;
			path = "libbase-macos.a";
			remoteRef = C5F2DE1E23369F73009DF121 /* PBXContainerItemProxy */;
			sourceTree = BUILT_PRODUCTS_DIR;
		};
		C5F2DE2323369F73009DF121 /* libcommon-macos.a */ = {
			isa = PBXReferenceProxy;
			fileType = archive.ar;
			path = "libcommon-macos.a";
			remoteRef = C5F2DE2223369F73009DF121 /* PBXContainerItemProxy */;
			sourceTree = BUILT_PRODUCTS_DIR;
		};
		C5F2DE2623369F73009DF121 /* libcurl-macos.a */ = {
			isa = PBXReferenceProxy;
			fileType = archive.ar;
			path = "libcurl-macos.a";
			remoteRef = C5F2DE2523369F73009DF121 /* PBXContainerItemProxy */;
			sourceTree = BUILT_PRODUCTS_DIR;
		};
		C5F2DE2923369F73009DF121 /* libevent-macos.a */ = {
			isa = PBXReferenceProxy;
			fileType = archive.ar;
			path = "libevent-macos.a";
			remoteRef = C5F2DE2823369F73009DF121 /* PBXContainerItemProxy */;
			sourceTree = BUILT_PRODUCTS_DIR;
		};
/* End PBXReferenceProxy section */

/* Begin PBXShellScriptBuildPhase section */
		C52070D52330D44C00FCDD41 /* ShellScript */ = {
			isa = PBXShellScriptBuildPhase;
			buildActionMask = 2147483647;
			files = (
			);
			inputFileListPaths = (
			);
			inputPaths = (
			);
			outputFileListPaths = (
			);
			outputPaths = (
			);
			runOnlyForDeploymentPostprocessing = 0;
			shellPath = /bin/sh;
			shellScript = "#echo \"-------\"\necho \"TARGET_NAME = $TARGET_NAME\"\necho \"BUILD_DIR = $BUILD_DIR\"\necho \"BUILD_ROOT = $BUILD_ROOT\"\necho \"BUILT_PRODUCTS_DIR = $BUILD_PRODUCTS_DIR\"\necho \"CONFIGURATION = $CONFIGURATION\"\necho \"CONFIGURATION_BUILD_DIR = $CONFIGURATION_BUILD_DIR\"\necho \"DERIVED_FILES_DIR = $DERIVED_FILES_DIR\"\necho \"FULL_PRODUCT_NAME = $FULL_PRODUCT_NAME\"\necho \"LOCROOT = $LOCROOT\"\necho \"LOCSYMROOT = $LOCSYMROOT\"\necho \"OBJECT_FILE_DIR = $OBJECT_FILE_DIR\"\necho \"PRODUCT_MODULE_NAME = $PRODUCT_MODULE_NAME\"\necho \"PRODUCT_NAME = $PRODUCT_NAME\"\necho \"PROJECT = $PROJECT\"\necho \"PROJECT_DERIVED_FILE_DIR = $PROJECT_DERIVED_FILE_DIR\"\necho \"PROJECT_DIR = $PROJECT_DIR\"\necho \"PROJECT_FILE_PATH = $PROJECT_FILE_PATH\"\necho \"PROJECT_NAME = $PROJECT_NAME\"\necho \"SHARED_DERIVED_FILE_DIR = $SHARED_DERIVED_FILE_DIR\"\necho \"SRCROOT = $SRCROOT\"\necho \"SYMROOT = $SYMROOT\"\necho \"TARGET_NAME = $TARGET_NAME\"\necho \"TARGET_BUILD_DIR = $TARGET_BUILD_DIR\"\necho \"TARGET_OS_IPHONE = $TARGET_OS_IPHONE\"\necho \"OS_IOS = $OS_IOS\"\necho \"---------\"\nif [ -z \"$OUTPUT_DIR\" ]\nthen\n        export OUTPUT_DIR=\"$PROJECT_DIR/../libs/ios$SDK_VERSION-$CONFIGURATION\"\nfi\n\n#mkdir -p \"$OUTPUT_DIR/\"\n#cp -v \"$TARGET_BUILD_DIR/$FULL_PRODUCT_NAME\" \"$OUTPUT_DIR/\"\n";
		};
/* End PBXShellScriptBuildPhase section */

/* Begin PBXSourcesBuildPhase section */
		2883AC8D20B43DFB005E1F54 /* Sources */ = {
			isa = PBXSourcesBuildPhase;
			buildActionMask = 2147483647;
			files = (
			);
			runOnlyForDeploymentPostprocessing = 0;
		};
/* End PBXSourcesBuildPhase section */

/* Begin PBXTargetDependency section */
		C57A429823325C7A00D893ED /* PBXTargetDependency */ = {
			isa = PBXTargetDependency;
			name = base;
			targetProxy = C57A429723325C7A00D893ED /* PBXContainerItemProxy */;
		};
		C57A429A23325C7A00D893ED /* PBXTargetDependency */ = {
			isa = PBXTargetDependency;
			name = curl;
			targetProxy = C57A429923325C7A00D893ED /* PBXContainerItemProxy */;
		};
		C57A429C23325C7A00D893ED /* PBXTargetDependency */ = {
			isa = PBXTargetDependency;
			name = common;
			targetProxy = C57A429B23325C7A00D893ED /* PBXContainerItemProxy */;
		};
		C57A43092332646C00D893ED /* PBXTargetDependency */ = {
			isa = PBXTargetDependency;
			name = libevent;
			targetProxy = C57A43082332646C00D893ED /* PBXContainerItemProxy */;
		};
		C5CF5D8E233746740014735C /* PBXTargetDependency */ = {
			isa = PBXTargetDependency;
			name = extensions;
			targetProxy = C5CF5D8D233746740014735C /* PBXContainerItemProxy */;
		};
		C5CF5D92233746740014735C /* PBXTargetDependency */ = {
			isa = PBXTargetDependency;
			name = sqlite;
			targetProxy = C5CF5D91233746740014735C /* PBXContainerItemProxy */;
		};
/* End PBXTargetDependency section */

/* Begin XCBuildConfiguration section */
		2883AC9820B43DFB005E1F54 /* Debug */ = {
			isa = XCBuildConfiguration;
			buildSettings = {
				ALWAYS_SEARCH_USER_PATHS = NO;
				CLANG_ANALYZER_NONNULL = YES;
				CLANG_ANALYZER_NUMBER_OBJECT_CONVERSION = YES_AGGRESSIVE;
				CLANG_CXX_LANGUAGE_STANDARD = "gnu++14";
				CLANG_CXX_LIBRARY = "libc++";
				CLANG_ENABLE_MODULES = YES;
				CLANG_ENABLE_OBJC_ARC = NO;
				CLANG_ENABLE_OBJC_WEAK = YES;
				CLANG_WARN_BLOCK_CAPTURE_AUTORELEASING = YES;
				CLANG_WARN_BOOL_CONVERSION = YES;
				CLANG_WARN_COMMA = YES;
				CLANG_WARN_CONSTANT_CONVERSION = YES;
				CLANG_WARN_DEPRECATED_OBJC_IMPLEMENTATIONS = YES;
				CLANG_WARN_DIRECT_OBJC_ISA_USAGE = YES_ERROR;
				CLANG_WARN_DOCUMENTATION_COMMENTS = YES;
				CLANG_WARN_EMPTY_BODY = YES;
				CLANG_WARN_ENUM_CONVERSION = YES;
				CLANG_WARN_INFINITE_RECURSION = YES;
				CLANG_WARN_INT_CONVERSION = YES;
				CLANG_WARN_NON_LITERAL_NULL_CONVERSION = YES;
				CLANG_WARN_OBJC_IMPLICIT_RETAIN_SELF = YES;
				CLANG_WARN_OBJC_LITERAL_CONVERSION = YES;
				CLANG_WARN_OBJC_ROOT_CLASS = YES_ERROR;
				CLANG_WARN_RANGE_LOOP_ANALYSIS = YES;
				CLANG_WARN_STRICT_PROTOTYPES = YES;
				CLANG_WARN_SUSPICIOUS_MOVE = YES;
				CLANG_WARN_UNGUARDED_AVAILABILITY = YES_AGGRESSIVE;
				CLANG_WARN_UNREACHABLE_CODE = YES;
				CLANG_WARN__DUPLICATE_METHOD_MATCH = YES;
				CODE_SIGN_IDENTITY = "iPhone Developer";
				COPY_PHASE_STRIP = NO;
				DEBUG_INFORMATION_FORMAT = "dwarf-with-dsym";
				DEPLOYMENT_POSTPROCESSING = NO;
				ENABLE_BITCODE = NO;
				ENABLE_STRICT_OBJC_MSGSEND = YES;
				ENABLE_TESTABILITY = YES;
				GCC_C_LANGUAGE_STANDARD = gnu11;
				GCC_DYNAMIC_NO_PIC = NO;
				GCC_NO_COMMON_BLOCKS = YES;
				GCC_OPTIMIZATION_LEVEL = 0;
				GCC_PREPROCESSOR_DEFINITIONS = (
					"DEBUG=1",
					"$(inherited)",
				);
				GCC_WARN_64_TO_32_BIT_CONVERSION = YES;
				GCC_WARN_ABOUT_RETURN_TYPE = YES_ERROR;
				GCC_WARN_UNDECLARED_SELECTOR = YES;
				GCC_WARN_UNINITIALIZED_AUTOS = YES_AGGRESSIVE;
				GCC_WARN_UNUSED_FUNCTION = YES;
				GCC_WARN_UNUSED_VARIABLE = YES;
				HEADER_SEARCH_PATHS = "";
				IPHONEOS_DEPLOYMENT_TARGET = 11.3;
				MTL_ENABLE_DEBUG_INFO = YES;
				ONLY_ACTIVE_ARCH = YES;
				SDKROOT = iphoneos;
			};
			name = Debug;
		};
		2883AC9920B43DFB005E1F54 /* Release */ = {
			isa = XCBuildConfiguration;
			buildSettings = {
				ALWAYS_SEARCH_USER_PATHS = NO;
				CLANG_ANALYZER_NONNULL = YES;
				CLANG_ANALYZER_NUMBER_OBJECT_CONVERSION = YES_AGGRESSIVE;
				CLANG_CXX_LANGUAGE_STANDARD = "gnu++14";
				CLANG_CXX_LIBRARY = "libc++";
				CLANG_ENABLE_MODULES = YES;
				CLANG_ENABLE_OBJC_ARC = NO;
				CLANG_ENABLE_OBJC_WEAK = YES;
				CLANG_WARN_BLOCK_CAPTURE_AUTORELEASING = YES;
				CLANG_WARN_BOOL_CONVERSION = YES;
				CLANG_WARN_COMMA = YES;
				CLANG_WARN_CONSTANT_CONVERSION = YES;
				CLANG_WARN_DEPRECATED_OBJC_IMPLEMENTATIONS = YES;
				CLANG_WARN_DIRECT_OBJC_ISA_USAGE = YES_ERROR;
				CLANG_WARN_DOCUMENTATION_COMMENTS = YES;
				CLANG_WARN_EMPTY_BODY = YES;
				CLANG_WARN_ENUM_CONVERSION = YES;
				CLANG_WARN_INFINITE_RECURSION = YES;
				CLANG_WARN_INT_CONVERSION = YES;
				CLANG_WARN_NON_LITERAL_NULL_CONVERSION = YES;
				CLANG_WARN_OBJC_IMPLICIT_RETAIN_SELF = YES;
				CLANG_WARN_OBJC_LITERAL_CONVERSION = YES;
				CLANG_WARN_OBJC_ROOT_CLASS = YES_ERROR;
				CLANG_WARN_RANGE_LOOP_ANALYSIS = YES;
				CLANG_WARN_STRICT_PROTOTYPES = YES;
				CLANG_WARN_SUSPICIOUS_MOVE = YES;
				CLANG_WARN_UNGUARDED_AVAILABILITY = YES_AGGRESSIVE;
				CLANG_WARN_UNREACHABLE_CODE = YES;
				CLANG_WARN__DUPLICATE_METHOD_MATCH = YES;
				CODE_SIGN_IDENTITY = "iPhone Developer";
				COPY_PHASE_STRIP = YES;
				DEBUG_INFORMATION_FORMAT = "dwarf-with-dsym";
				DEPLOYMENT_POSTPROCESSING = YES;
				ENABLE_BITCODE = NO;
				ENABLE_NS_ASSERTIONS = NO;
				ENABLE_STRICT_OBJC_MSGSEND = YES;
				GCC_C_LANGUAGE_STANDARD = gnu11;
				GCC_NO_COMMON_BLOCKS = YES;
				GCC_WARN_64_TO_32_BIT_CONVERSION = YES;
				GCC_WARN_ABOUT_RETURN_TYPE = YES_ERROR;
				GCC_WARN_UNDECLARED_SELECTOR = YES;
				GCC_WARN_UNINITIALIZED_AUTOS = YES_AGGRESSIVE;
				GCC_WARN_UNUSED_FUNCTION = YES;
				GCC_WARN_UNUSED_VARIABLE = YES;
				HEADER_SEARCH_PATHS = "";
				IPHONEOS_DEPLOYMENT_TARGET = 11.3;
				MTL_ENABLE_DEBUG_INFO = NO;
				SDKROOT = iphoneos;
				VALIDATE_PRODUCT = YES;
			};
			name = Release;
		};
		2883AC9B20B43DFB005E1F54 /* Debug */ = {
			isa = XCBuildConfiguration;
			buildSettings = {
				CLANG_CXX_LANGUAGE_STANDARD = "c++14";
				CODE_SIGN_STYLE = Automatic;
				GCC_C_LANGUAGE_STANDARD = c99;
				HEADER_SEARCH_PATHS = (
					"$(LUAKIT_ROOT)/src",
					"$(LUAKIT_ROOT)/src/lua-5.3.5",
					"$(LUAKIT_ROOT)/src/common",
					"$(LUAKIT_ROOT)/src/curl/include",
					"$(LUAKIT_ROOT)/src/extensions/Notify",
				);
				IPHONEOS_DEPLOYMENT_TARGET = 8.0;
				LIBRARY_SEARCH_PATHS = "$(SRCROOT)/../src/curl/ios/lib";
				LUAKIT_ROOT = "$(SRCROOT)/..";
				OTHER_LDFLAGS = "-ObjC";
				PRODUCT_NAME = "$(TARGET_NAME)";
				SKIP_INSTALL = YES;
				TARGETED_DEVICE_FAMILY = "1,2";
			};
			name = Debug;
		};
		2883AC9C20B43DFB005E1F54 /* Release */ = {
			isa = XCBuildConfiguration;
			buildSettings = {
				CLANG_CXX_LANGUAGE_STANDARD = "c++14";
				CODE_SIGN_STYLE = Automatic;
				GCC_C_LANGUAGE_STANDARD = c99;
				HEADER_SEARCH_PATHS = (
					"$(LUAKIT_ROOT)/src",
					"$(LUAKIT_ROOT)/src/lua-5.3.5",
					"$(LUAKIT_ROOT)/src/common",
					"$(LUAKIT_ROOT)/src/curl/include",
					"$(LUAKIT_ROOT)/src/extensions/Notify",
				);
				IPHONEOS_DEPLOYMENT_TARGET = 8.0;
				LIBRARY_SEARCH_PATHS = "$(SRCROOT)/../src/curl/ios/lib";
				LUAKIT_ROOT = "$(SRCROOT)/..";
				OTHER_LDFLAGS = "-ObjC";
				PRODUCT_NAME = "$(TARGET_NAME)";
				SKIP_INSTALL = YES;
				TARGETED_DEVICE_FAMILY = "1,2";
			};
			name = Release;
		};
/* End XCBuildConfiguration section */

/* Begin XCConfigurationList section */
		2883AC8C20B43DFB005E1F54 /* Build configuration list for PBXProject "Luakit" */ = {
			isa = XCConfigurationList;
			buildConfigurations = (
				2883AC9820B43DFB005E1F54 /* Debug */,
				2883AC9920B43DFB005E1F54 /* Release */,
			);
			defaultConfigurationIsVisible = 0;
			defaultConfigurationName = Release;
		};
		2883AC9A20B43DFB005E1F54 /* Build configuration list for PBXNativeTarget "Luakit" */ = {
			isa = XCConfigurationList;
			buildConfigurations = (
				2883AC9B20B43DFB005E1F54 /* Debug */,
				2883AC9C20B43DFB005E1F54 /* Release */,
			);
			defaultConfigurationIsVisible = 0;
			defaultConfigurationName = Release;
		};
/* End XCConfigurationList section */
	};
	rootObject = 2883AC8920B43DFB005E1F54 /* Project object */;
}
