// !$*UTF8*$!
{
	archiveVersion = 1;
	classes = {
	};
	objectVersion = 50;
	objects = {

/* Begin PBXBuildFile section */
		C5DB917E232FF8A2007FD2DF /* sqlite3.c in Sources */ = {isa = PBXBuildFile; fileRef = C5DB9178232FF8A1007FD2DF /* sqlite3.c */; };
		C5DB917F232FF8A2007FD2DF /* shell.c in Sources */ = {isa = PBXBuildFile; fileRef = C5DB9179232FF8A1007FD2DF /* shell.c */; };
		C5DB9180232FF8A2007FD2DF /* lsqlite3.h in Headers */ = {isa = PBXBuildFile; fileRef = C5DB917A232FF8A1007FD2DF /* lsqlite3.h */; };
		C5DB9181232FF8A2007FD2DF /* sqlite3ext.h in Headers */ = {isa = PBXBuildFile; fileRef = C5DB917B232FF8A1007FD2DF /* sqlite3ext.h */; };
		C5DB9182232FF8A2007FD2DF /* lsqlite3.c in Sources */ = {isa = PBXBuildFile; fileRef = C5DB917C232FF8A1007FD2DF /* lsqlite3.c */; };
		C5DB9183232FF8A2007FD2DF /* sqlite3.h in Headers */ = {isa = PBXBuildFile; fileRef = C5DB917D232FF8A1007FD2DF /* sqlite3.h */; };
		C5DB9194232FF8D1007FD2DF /* curl_connection.cpp in Sources */ = {isa = PBXBuildFile; fileRef = C5DB9185232FF8D1007FD2DF /* curl_connection.cpp */; };
		C5DB9195232FF8D1007FD2DF /* async_socket.cpp in Sources */ = {isa = PBXBuildFile; fileRef = C5DB9186232FF8D1007FD2DF /* async_socket.cpp */; };
		C5DB9196232FF8D1007FD2DF /* network_define.h in Headers */ = {isa = PBXBuildFile; fileRef = C5DB9187232FF8D1007FD2DF /* network_define.h */; };
		C5DB9197232FF8D1007FD2DF /* socket_watcher.h in Headers */ = {isa = PBXBuildFile; fileRef = C5DB9188232FF8D1007FD2DF /* socket_watcher.h */; };
		C5DB9198232FF8D1007FD2DF /* base_connection.h in Headers */ = {isa = PBXBuildFile; fileRef = C5DB9189232FF8D1007FD2DF /* base_connection.h */; };
		C5DB9199232FF8D1007FD2DF /* curl_http_form.h in Headers */ = {isa = PBXBuildFile; fileRef = C5DB918A232FF8D1007FD2DF /* curl_http_form.h */; };
		C5DB919A232FF8D1007FD2DF /* socket_watcher.cpp in Sources */ = {isa = PBXBuildFile; fileRef = C5DB918B232FF8D1007FD2DF /* socket_watcher.cpp */; };
		C5DB919B232FF8D1007FD2DF /* async_socket.h in Headers */ = {isa = PBXBuildFile; fileRef = C5DB918C232FF8D1007FD2DF /* async_socket.h */; };
		C5DB919C232FF8D1007FD2DF /* async_task_dispatcher.cpp in Sources */ = {isa = PBXBuildFile; fileRef = C5DB918D232FF8D1007FD2DF /* async_task_dispatcher.cpp */; };
		C5DB919D232FF8D1007FD2DF /* async_cgi_task_dispatcher.h in Headers */ = {isa = PBXBuildFile; fileRef = C5DB918E232FF8D1007FD2DF /* async_cgi_task_dispatcher.h */; };
		C5DB919E232FF8D1007FD2DF /* async_task_dispatcher.h in Headers */ = {isa = PBXBuildFile; fileRef = C5DB918F232FF8D1007FD2DF /* async_task_dispatcher.h */; };
		C5DB919F232FF8D1007FD2DF /* base_connection.cpp in Sources */ = {isa = PBXBuildFile; fileRef = C5DB9190232FF8D1007FD2DF /* base_connection.cpp */; };
		C5DB91A0232FF8D1007FD2DF /* curl_http_form.cpp in Sources */ = {isa = PBXBuildFile; fileRef = C5DB9191232FF8D1007FD2DF /* curl_http_form.cpp */; };
		C5DB91A1232FF8D1007FD2DF /* curl_connection.h in Headers */ = {isa = PBXBuildFile; fileRef = C5DB9192232FF8D1007FD2DF /* curl_connection.h */; };
		C5DB91A2232FF8D1007FD2DF /* async_cgi_task_dispatcher.cpp in Sources */ = {isa = PBXBuildFile; fileRef = C5DB9193232FF8D1007FD2DF /* async_cgi_task_dispatcher.cpp */; };
		C5DB91AA232FF8ED007FD2DF /* net_errors.h in Headers */ = {isa = PBXBuildFile; fileRef = C5DB91A4232FF8ED007FD2DF /* net_errors.h */; };
		C5DB91AB232FF8ED007FD2DF /* net_errors.cc in Sources */ = {isa = PBXBuildFile; fileRef = C5DB91A5232FF8ED007FD2DF /* net_errors.cc */; };
		C5DB91AC232FF8ED007FD2DF /* net_error_list.h in Headers */ = {isa = PBXBuildFile; fileRef = C5DB91A6232FF8ED007FD2DF /* net_error_list.h */; };
		C5DB91AD232FF8ED007FD2DF /* io_buffer.cc in Sources */ = {isa = PBXBuildFile; fileRef = C5DB91A7232FF8ED007FD2DF /* io_buffer.cc */; };
		C5DB91AE232FF8ED007FD2DF /* io_buffer.h in Headers */ = {isa = PBXBuildFile; fileRef = C5DB91A8232FF8ED007FD2DF /* io_buffer.h */; };
		C5DB91AF232FF8ED007FD2DF /* net_errors_posix.cc in Sources */ = {isa = PBXBuildFile; fileRef = C5DB91A9232FF8ED007FD2DF /* net_errors_posix.cc */; };
		C5DB91B6232FF927007FD2DF /* oc_callback.h in Headers */ = {isa = PBXBuildFile; fileRef = C5DB91B1232FF927007FD2DF /* oc_callback.h */; };
		C5DB91B7232FF927007FD2DF /* NotificationProxyObserver.h in Headers */ = {isa = PBXBuildFile; fileRef = C5DB91B2232FF927007FD2DF /* NotificationProxyObserver.h */; };
		C5DB91B8232FF927007FD2DF /* oc_helpers.h in Headers */ = {isa = PBXBuildFile; fileRef = C5DB91B3232FF927007FD2DF /* oc_helpers.h */; };
		C5DB91B9232FF927007FD2DF /* oc_callback.mm in Sources */ = {isa = PBXBuildFile; fileRef = C5DB91B4232FF927007FD2DF /* oc_callback.mm */; };
		C5DB91BA232FF927007FD2DF /* oc_helpers.mm in Sources */ = {isa = PBXBuildFile; fileRef = C5DB91B5232FF927007FD2DF /* oc_helpers.mm */; };
		C5DB91BF232FF95C007FD2DF /* lua_timer.cpp in Sources */ = {isa = PBXBuildFile; fileRef = C5DB91BD232FF95C007FD2DF /* lua_timer.cpp */; };
		C5DB91C0232FF95C007FD2DF /* lua_timer.h in Headers */ = {isa = PBXBuildFile; fileRef = C5DB91BE232FF95C007FD2DF /* lua_timer.h */; };
		C5DB91C6232FF983007FD2DF /* lua_thread.cpp in Sources */ = {isa = PBXBuildFile; fileRef = C5DB91C2232FF983007FD2DF /* lua_thread.cpp */; };
		C5DB91C7232FF983007FD2DF /* lua_thread.h in Headers */ = {isa = PBXBuildFile; fileRef = C5DB91C3232FF983007FD2DF /* lua_thread.h */; };
		C5DB91C8232FF983007FD2DF /* serialize.cpp in Sources */ = {isa = PBXBuildFile; fileRef = C5DB91C4232FF983007FD2DF /* serialize.cpp */; };
		C5DB91C9232FF983007FD2DF /* serialize.h in Headers */ = {isa = PBXBuildFile; fileRef = C5DB91C5232FF983007FD2DF /* serialize.h */; };
		C5DB91D1232FF9A7007FD2DF /* lua_notification_utility_ios.mm in Sources */ = {isa = PBXBuildFile; fileRef = C5DB91CB232FF9A7007FD2DF /* lua_notification_utility_ios.mm */; };
		C5DB91D2232FF9A7007FD2DF /* LuaNotificationListener.h in Headers */ = {isa = PBXBuildFile; fileRef = C5DB91CC232FF9A7007FD2DF /* LuaNotificationListener.h */; };
		C5DB91D3232FF9A7007FD2DF /* lua_notify.cpp in Sources */ = {isa = PBXBuildFile; fileRef = C5DB91CD232FF9A7007FD2DF /* lua_notify.cpp */; };
		C5DB91D4232FF9A7007FD2DF /* lua_notification_utility.h in Headers */ = {isa = PBXBuildFile; fileRef = C5DB91CE232FF9A7007FD2DF /* lua_notification_utility.h */; };
		C5DB91D5232FF9A7007FD2DF /* LuaNotificationListener.cpp in Sources */ = {isa = PBXBuildFile; fileRef = C5DB91CF232FF9A7007FD2DF /* LuaNotificationListener.cpp */; };
		C5DB91D6232FF9A7007FD2DF /* lua_notify.h in Headers */ = {isa = PBXBuildFile; fileRef = C5DB91D0232FF9A7007FD2DF /* lua_notify.h */; };
		C5DB91F8232FF9D3007FD2DF /* auxiliar.c in Sources */ = {isa = PBXBuildFile; fileRef = C5DB91D8232FF9D2007FD2DF /* auxiliar.c */; };
		C5DB91F9232FF9D3007FD2DF /* unix.h in Headers */ = {isa = PBXBuildFile; fileRef = C5DB91D9232FF9D2007FD2DF /* unix.h */; };
		C5DB91FA232FF9D3007FD2DF /* tcp.c in Sources */ = {isa = PBXBuildFile; fileRef = C5DB91DA232FF9D2007FD2DF /* tcp.c */; };
		C5DB91FB232FF9D3007FD2DF /* luasocket_scripts.c in Sources */ = {isa = PBXBuildFile; fileRef = C5DB91DB232FF9D2007FD2DF /* luasocket_scripts.c */; };
		C5DB91FC232FF9D3007FD2DF /* usocket.h in Headers */ = {isa = PBXBuildFile; fileRef = C5DB91DC232FF9D2007FD2DF /* usocket.h */; };
		C5DB91FD232FF9D3007FD2DF /* mime.c in Sources */ = {isa = PBXBuildFile; fileRef = C5DB91DD232FF9D2007FD2DF /* mime.c */; };
		C5DB91FE232FF9D3007FD2DF /* select.h in Headers */ = {isa = PBXBuildFile; fileRef = C5DB91DE232FF9D2007FD2DF /* select.h */; };
		C5DB91FF232FF9D3007FD2DF /* mime.h in Headers */ = {isa = PBXBuildFile; fileRef = C5DB91DF232FF9D2007FD2DF /* mime.h */; };
		C5DB9200232FF9D3007FD2DF /* inet.c in Sources */ = {isa = PBXBuildFile; fileRef = C5DB91E0232FF9D2007FD2DF /* inet.c */; };
		C5DB9201232FF9D3007FD2DF /* options.h in Headers */ = {isa = PBXBuildFile; fileRef = C5DB91E1232FF9D2007FD2DF /* options.h */; };
		C5DB9202232FF9D3007FD2DF /* tcp.h in Headers */ = {isa = PBXBuildFile; fileRef = C5DB91E2232FF9D2007FD2DF /* tcp.h */; };
		C5DB9203232FF9D3007FD2DF /* except.h in Headers */ = {isa = PBXBuildFile; fileRef = C5DB91E3232FF9D2007FD2DF /* except.h */; };
		C5DB9204232FF9D3007FD2DF /* udp.c in Sources */ = {isa = PBXBuildFile; fileRef = C5DB91E4232FF9D2007FD2DF /* udp.c */; };
		C5DB9205232FF9D3007FD2DF /* buffer.c in Sources */ = {isa = PBXBuildFile; fileRef = C5DB91E5232FF9D2007FD2DF /* buffer.c */; };
		C5DB9206232FF9D3007FD2DF /* buffer.h in Headers */ = {isa = PBXBuildFile; fileRef = C5DB91E6232FF9D2007FD2DF /* buffer.h */; };
		C5DB9207232FF9D3007FD2DF /* serial.c in Sources */ = {isa = PBXBuildFile; fileRef = C5DB91E7232FF9D2007FD2DF /* serial.c */; };
		C5DB9208232FF9D3007FD2DF /* timeout.c in Sources */ = {isa = PBXBuildFile; fileRef = C5DB91E8232FF9D2007FD2DF /* timeout.c */; };
		C5DB9209232FF9D3007FD2DF /* timeout.h in Headers */ = {isa = PBXBuildFile; fileRef = C5DB91E9232FF9D2007FD2DF /* timeout.h */; };
		C5DB920A232FF9D3007FD2DF /* socket.h in Headers */ = {isa = PBXBuildFile; fileRef = C5DB91EA232FF9D2007FD2DF /* socket.h */; };
		C5DB920B232FF9D3007FD2DF /* luasocket_scripts.h in Headers */ = {isa = PBXBuildFile; fileRef = C5DB91EB232FF9D2007FD2DF /* luasocket_scripts.h */; };
		C5DB920C232FF9D3007FD2DF /* luasocket.c in Sources */ = {isa = PBXBuildFile; fileRef = C5DB91EC232FF9D2007FD2DF /* luasocket.c */; };
		C5DB920D232FF9D3007FD2DF /* auxiliar.h in Headers */ = {isa = PBXBuildFile; fileRef = C5DB91ED232FF9D3007FD2DF /* auxiliar.h */; };
		C5DB920E232FF9D3007FD2DF /* inet.h in Headers */ = {isa = PBXBuildFile; fileRef = C5DB91EE232FF9D3007FD2DF /* inet.h */; };
		C5DB920F232FF9D3007FD2DF /* select.c in Sources */ = {isa = PBXBuildFile; fileRef = C5DB91EF232FF9D3007FD2DF /* select.c */; };
		C5DB9210232FF9D3007FD2DF /* usocket.c in Sources */ = {isa = PBXBuildFile; fileRef = C5DB91F0232FF9D3007FD2DF /* usocket.c */; };
		C5DB9211232FF9D3007FD2DF /* udp.h in Headers */ = {isa = PBXBuildFile; fileRef = C5DB91F1232FF9D3007FD2DF /* udp.h */; };
		C5DB9212232FF9D3007FD2DF /* except.c in Sources */ = {isa = PBXBuildFile; fileRef = C5DB91F2232FF9D3007FD2DF /* except.c */; };
		C5DB9213232FF9D3007FD2DF /* io.c in Sources */ = {isa = PBXBuildFile; fileRef = C5DB91F3232FF9D3007FD2DF /* io.c */; };
		C5DB9214232FF9D3007FD2DF /* options.c in Sources */ = {isa = PBXBuildFile; fileRef = C5DB91F4232FF9D3007FD2DF /* options.c */; };
		C5DB9215232FF9D3007FD2DF /* unix.c in Sources */ = {isa = PBXBuildFile; fileRef = C5DB91F5232FF9D3007FD2DF /* unix.c */; };
		C5DB9216232FF9D3007FD2DF /* luasocket.h in Headers */ = {isa = PBXBuildFile; fileRef = C5DB91F6232FF9D3007FD2DF /* luasocket.h */; };
		C5DB9217232FF9D3007FD2DF /* io.h in Headers */ = {isa = PBXBuildFile; fileRef = C5DB91F7232FF9D3007FD2DF /* io.h */; };
		C5DB9221232FFA22007FD2DF /* lua_cjson.h in Headers */ = {isa = PBXBuildFile; fileRef = C5DB9219232FFA22007FD2DF /* lua_cjson.h */; };
		C5DB9222232FFA22007FD2DF /* fpconv.h in Headers */ = {isa = PBXBuildFile; fileRef = C5DB921A232FFA22007FD2DF /* fpconv.h */; };
		C5DB9223232FFA22007FD2DF /* fpconv.c in Sources */ = {isa = PBXBuildFile; fileRef = C5DB921B232FFA22007FD2DF /* fpconv.c */; };
		C5DB9224232FFA22007FD2DF /* strbuf.h in Headers */ = {isa = PBXBuildFile; fileRef = C5DB921C232FFA22007FD2DF /* strbuf.h */; };
		C5DB9225232FFA22007FD2DF /* lua_cjson.c in Sources */ = {isa = PBXBuildFile; fileRef = C5DB921D232FFA22007FD2DF /* lua_cjson.c */; };
		C5DB9226232FFA22007FD2DF /* dtoa_config.h in Headers */ = {isa = PBXBuildFile; fileRef = C5DB921E232FFA22007FD2DF /* dtoa_config.h */; };
		C5DB9227232FFA22007FD2DF /* strbuf.c in Sources */ = {isa = PBXBuildFile; fileRef = C5DB921F232FFA22007FD2DF /* strbuf.c */; };
		C5DB9228232FFA22007FD2DF /* dtoa.c in Sources */ = {isa = PBXBuildFile; fileRef = C5DB9220232FFA22007FD2DF /* dtoa.c */; };
		C5DB922E232FFA5F007FD2DF /* languageUtil.mm in Sources */ = {isa = PBXBuildFile; fileRef = C5DB922A232FFA5F007FD2DF /* languageUtil.mm */; };
		C5DB922F232FFA5F007FD2DF /* languageUtil.h in Headers */ = {isa = PBXBuildFile; fileRef = C5DB922B232FFA5F007FD2DF /* languageUtil.h */; };
		C5DB9230232FFA5F007FD2DF /* lua_language.h in Headers */ = {isa = PBXBuildFile; fileRef = C5DB922C232FFA5F007FD2DF /* lua_language.h */; };
		C5DB9231232FFA5F007FD2DF /* lua_language.cpp in Sources */ = {isa = PBXBuildFile; fileRef = C5DB922D232FFA5F007FD2DF /* lua_language.cpp */; };
		C5DB923F232FFAB8007FD2DF /* lua_http_task.cpp in Sources */ = {isa = PBXBuildFile; fileRef = C5DB923B232FFAB7007FD2DF /* lua_http_task.cpp */; };
		C5DB9240232FFAB8007FD2DF /* lua_http.h in Headers */ = {isa = PBXBuildFile; fileRef = C5DB923C232FFAB7007FD2DF /* lua_http.h */; };
		C5DB9241232FFAB8007FD2DF /* lua_http.cpp in Sources */ = {isa = PBXBuildFile; fileRef = C5DB923D232FFAB8007FD2DF /* lua_http.cpp */; };
		C5DB9242232FFAB8007FD2DF /* lua_http_task.h in Headers */ = {isa = PBXBuildFile; fileRef = C5DB923E232FFAB8007FD2DF /* lua_http_task.h */; };
		C5DB9246232FFAD8007FD2DF /* mobdebug.h in Headers */ = {isa = PBXBuildFile; fileRef = C5DB9244232FFAD8007FD2DF /* mobdebug.h */; };
		C5DB9247232FFAD8007FD2DF /* mobdebug.c in Sources */ = {isa = PBXBuildFile; fileRef = C5DB9245232FFAD8007FD2DF /* mobdebug.c */; };
		C5DB924B232FFAF7007FD2DF /* lua_async_socket.cpp in Sources */ = {isa = PBXBuildFile; fileRef = C5DB9249232FFAF7007FD2DF /* lua_async_socket.cpp */; };
		C5DB924C232FFAF7007FD2DF /* lua_async_socket.h in Headers */ = {isa = PBXBuildFile; fileRef = C5DB924A232FFAF7007FD2DF /* lua_async_socket.h */; };
		C5DB9250232FFB14007FD2DF /* lua_file.h in Headers */ = {isa = PBXBuildFile; fileRef = C5DB924E232FFB14007FD2DF /* lua_file.h */; };
		C5DB9251232FFB14007FD2DF /* lua_file.cpp in Sources */ = {isa = PBXBuildFile; fileRef = C5DB924F232FFB14007FD2DF /* lua_file.cpp */; };
/* End PBXBuildFile section */

/* Begin PBXContainerItemProxy section */
		C5DB9257232FFE23007FD2DF /* PBXContainerItemProxy */ = {
			isa = PBXContainerItemProxy;
			containerPortal = C5DB9253232FFE23007FD2DF /* lua_macos.xcodeproj */;
			proxyType = 2;
			remoteGlobalIDString = C5DB8E2F232FCE8A007FD2DF;
			remoteInfo = lua;
		};
		C5DB925D232FFE3A007FD2DF /* PBXContainerItemProxy */ = {
			isa = PBXContainerItemProxy;
			containerPortal = C5DB9259232FFE3A007FD2DF /* modp_b64_macos.xcodeproj */;
			proxyType = 2;
			remoteGlobalIDString = C533E386232419C20058C80E;
			remoteInfo = modp_b64;
		};
		C5DB9263232FFE4C007FD2DF /* PBXContainerItemProxy */ = {
			isa = PBXContainerItemProxy;
			containerPortal = C5DB925F232FFE4C007FD2DF /* libevent_macos.xcodeproj */;
			proxyType = 2;
			remoteGlobalIDString = C533E41B2324FD5F0058C80E;
			remoteInfo = event;
		};
		C5DB9269232FFE5B007FD2DF /* PBXContainerItemProxy */ = {
			isa = PBXContainerItemProxy;
			containerPortal = C5DB9265232FFE5B007FD2DF /* libxml_macos.xcodeproj */;
			proxyType = 2;
			remoteGlobalIDString = C533E456232542BE0058C80E;
			remoteInfo = xml;
		};
		C5DB926F232FFE84007FD2DF /* PBXContainerItemProxy */ = {
			isa = PBXContainerItemProxy;
			containerPortal = C5DB926B232FFE84007FD2DF /* dynamic_annotations_macos.xcodeproj */;
			proxyType = 2;
			remoteGlobalIDString = C533E4FE232563E10058C80E;
			remoteInfo = dynamic_annotations;
		};
		C5DB9275232FFE9E007FD2DF /* PBXContainerItemProxy */ = {
			isa = PBXContainerItemProxy;
			containerPortal = C5DB9271232FFE9E007FD2DF /* curl_macos.xcodeproj */;
			proxyType = 2;
			remoteGlobalIDString = C517E5D12326C72300A03663;
			remoteInfo = curl;
		};
		C5DB927B232FFEBD007FD2DF /* PBXContainerItemProxy */ = {
			isa = PBXContainerItemProxy;
			containerPortal = C5DB9277232FFEBD007FD2DF /* common_macos.xcodeproj */;
			proxyType = 2;
			remoteGlobalIDString = C517E5432326960600A03663;
			remoteInfo = common;
		};
		C5DB9282232FFED3007FD2DF /* PBXContainerItemProxy */ = {
			isa = PBXContainerItemProxy;
			containerPortal = C5DB927D232FFED3007FD2DF /* base_macos.xcodeproj */;
			proxyType = 2;
			remoteGlobalIDString = A24F8E8AF59B46B92FF23F23;
			remoteInfo = base;
		};
/* End PBXContainerItemProxy section */

/* Begin PBXFileReference section */
		C5DB911D232FF69F007FD2DF /* libLuakit.a */ = {isa = PBXFileReference; explicitFileType = archive.ar; includeInIndex = 0; path = libLuakit.a; sourceTree = BUILT_PRODUCTS_DIR; };
		C5DB9178232FF8A1007FD2DF /* sqlite3.c */ = {isa = PBXFileReference; fileEncoding = 4; lastKnownFileType = sourcecode.c.c; name = sqlite3.c; path = "../src/sqlite-amalgamation-3290000/sqlite3.c"; sourceTree = "<group>"; };
		C5DB9179232FF8A1007FD2DF /* shell.c */ = {isa = PBXFileReference; fileEncoding = 4; lastKnownFileType = sourcecode.c.c; name = shell.c; path = "../src/sqlite-amalgamation-3290000/shell.c"; sourceTree = "<group>"; };
		C5DB917A232FF8A1007FD2DF /* lsqlite3.h */ = {isa = PBXFileReference; fileEncoding = 4; lastKnownFileType = sourcecode.c.h; name = lsqlite3.h; path = "../src/sqlite-amalgamation-3290000/lsqlite3.h"; sourceTree = "<group>"; };
		C5DB917B232FF8A1007FD2DF /* sqlite3ext.h */ = {isa = PBXFileReference; fileEncoding = 4; lastKnownFileType = sourcecode.c.h; name = sqlite3ext.h; path = "../src/sqlite-amalgamation-3290000/sqlite3ext.h"; sourceTree = "<group>"; };
		C5DB917C232FF8A1007FD2DF /* lsqlite3.c */ = {isa = PBXFileReference; fileEncoding = 4; lastKnownFileType = sourcecode.c.c; name = lsqlite3.c; path = "../src/sqlite-amalgamation-3290000/lsqlite3.c"; sourceTree = "<group>"; };
		C5DB917D232FF8A1007FD2DF /* sqlite3.h */ = {isa = PBXFileReference; fileEncoding = 4; lastKnownFileType = sourcecode.c.h; name = sqlite3.h; path = "../src/sqlite-amalgamation-3290000/sqlite3.h"; sourceTree = "<group>"; };
		C5DB9185232FF8D1007FD2DF /* curl_connection.cpp */ = {isa = PBXFileReference; fileEncoding = 4; lastKnownFileType = sourcecode.cpp.cpp; name = curl_connection.cpp; path = ../src/network/curl_connection.cpp; sourceTree = "<group>"; };
		C5DB9186232FF8D1007FD2DF /* async_socket.cpp */ = {isa = PBXFileReference; fileEncoding = 4; lastKnownFileType = sourcecode.cpp.cpp; name = async_socket.cpp; path = ../src/network/async_socket.cpp; sourceTree = "<group>"; };
		C5DB9187232FF8D1007FD2DF /* network_define.h */ = {isa = PBXFileReference; fileEncoding = 4; lastKnownFileType = sourcecode.c.h; name = network_define.h; path = ../src/network/network_define.h; sourceTree = "<group>"; };
		C5DB9188232FF8D1007FD2DF /* socket_watcher.h */ = {isa = PBXFileReference; fileEncoding = 4; lastKnownFileType = sourcecode.c.h; name = socket_watcher.h; path = ../src/network/socket_watcher.h; sourceTree = "<group>"; };
		C5DB9189232FF8D1007FD2DF /* base_connection.h */ = {isa = PBXFileReference; fileEncoding = 4; lastKnownFileType = sourcecode.c.h; name = base_connection.h; path = ../src/network/base_connection.h; sourceTree = "<group>"; };
		C5DB918A232FF8D1007FD2DF /* curl_http_form.h */ = {isa = PBXFileReference; fileEncoding = 4; lastKnownFileType = sourcecode.c.h; name = curl_http_form.h; path = ../src/network/curl_http_form.h; sourceTree = "<group>"; };
		C5DB918B232FF8D1007FD2DF /* socket_watcher.cpp */ = {isa = PBXFileReference; fileEncoding = 4; lastKnownFileType = sourcecode.cpp.cpp; name = socket_watcher.cpp; path = ../src/network/socket_watcher.cpp; sourceTree = "<group>"; };
		C5DB918C232FF8D1007FD2DF /* async_socket.h */ = {isa = PBXFileReference; fileEncoding = 4; lastKnownFileType = sourcecode.c.h; name = async_socket.h; path = ../src/network/async_socket.h; sourceTree = "<group>"; };
		C5DB918D232FF8D1007FD2DF /* async_task_dispatcher.cpp */ = {isa = PBXFileReference; fileEncoding = 4; lastKnownFileType = sourcecode.cpp.cpp; name = async_task_dispatcher.cpp; path = ../src/network/async_task_dispatcher.cpp; sourceTree = "<group>"; };
		C5DB918E232FF8D1007FD2DF /* async_cgi_task_dispatcher.h */ = {isa = PBXFileReference; fileEncoding = 4; lastKnownFileType = sourcecode.c.h; name = async_cgi_task_dispatcher.h; path = ../src/network/async_cgi_task_dispatcher.h; sourceTree = "<group>"; };
		C5DB918F232FF8D1007FD2DF /* async_task_dispatcher.h */ = {isa = PBXFileReference; fileEncoding = 4; lastKnownFileType = sourcecode.c.h; name = async_task_dispatcher.h; path = ../src/network/async_task_dispatcher.h; sourceTree = "<group>"; };
		C5DB9190232FF8D1007FD2DF /* base_connection.cpp */ = {isa = PBXFileReference; fileEncoding = 4; lastKnownFileType = sourcecode.cpp.cpp; name = base_connection.cpp; path = ../src/network/base_connection.cpp; sourceTree = "<group>"; };
		C5DB9191232FF8D1007FD2DF /* curl_http_form.cpp */ = {isa = PBXFileReference; fileEncoding = 4; lastKnownFileType = sourcecode.cpp.cpp; name = curl_http_form.cpp; path = ../src/network/curl_http_form.cpp; sourceTree = "<group>"; };
		C5DB9192232FF8D1007FD2DF /* curl_connection.h */ = {isa = PBXFileReference; fileEncoding = 4; lastKnownFileType = sourcecode.c.h; name = curl_connection.h; path = ../src/network/curl_connection.h; sourceTree = "<group>"; };
		C5DB9193232FF8D1007FD2DF /* async_cgi_task_dispatcher.cpp */ = {isa = PBXFileReference; fileEncoding = 4; lastKnownFileType = sourcecode.cpp.cpp; name = async_cgi_task_dispatcher.cpp; path = ../src/network/async_cgi_task_dispatcher.cpp; sourceTree = "<group>"; };
		C5DB91A4232FF8ED007FD2DF /* net_errors.h */ = {isa = PBXFileReference; fileEncoding = 4; lastKnownFileType = sourcecode.c.h; name = net_errors.h; path = ../src/network/net/net_errors.h; sourceTree = "<group>"; };
		C5DB91A5232FF8ED007FD2DF /* net_errors.cc */ = {isa = PBXFileReference; fileEncoding = 4; lastKnownFileType = sourcecode.cpp.cpp; name = net_errors.cc; path = ../src/network/net/net_errors.cc; sourceTree = "<group>"; };
		C5DB91A6232FF8ED007FD2DF /* net_error_list.h */ = {isa = PBXFileReference; fileEncoding = 4; lastKnownFileType = sourcecode.c.h; name = net_error_list.h; path = ../src/network/net/net_error_list.h; sourceTree = "<group>"; };
		C5DB91A7232FF8ED007FD2DF /* io_buffer.cc */ = {isa = PBXFileReference; fileEncoding = 4; lastKnownFileType = sourcecode.cpp.cpp; name = io_buffer.cc; path = ../src/network/net/io_buffer.cc; sourceTree = "<group>"; };
		C5DB91A8232FF8ED007FD2DF /* io_buffer.h */ = {isa = PBXFileReference; fileEncoding = 4; lastKnownFileType = sourcecode.c.h; name = io_buffer.h; path = ../src/network/net/io_buffer.h; sourceTree = "<group>"; };
		C5DB91A9232FF8ED007FD2DF /* net_errors_posix.cc */ = {isa = PBXFileReference; fileEncoding = 4; lastKnownFileType = sourcecode.cpp.cpp; name = net_errors_posix.cc; path = ../src/network/net/net_errors_posix.cc; sourceTree = "<group>"; };
		C5DB91B1232FF927007FD2DF /* oc_callback.h */ = {isa = PBXFileReference; fileEncoding = 4; lastKnownFileType = sourcecode.c.h; name = oc_callback.h; path = Luakit/OCHelper/oc_callback.h; sourceTree = "<group>"; };
		C5DB91B2232FF927007FD2DF /* NotificationProxyObserver.h */ = {isa = PBXFileReference; fileEncoding = 4; lastKnownFileType = sourcecode.c.h; name = NotificationProxyObserver.h; path = Luakit/OCHelper/NotificationProxyObserver.h; sourceTree = "<group>"; };
		C5DB91B3232FF927007FD2DF /* oc_helpers.h */ = {isa = PBXFileReference; fileEncoding = 4; lastKnownFileType = sourcecode.c.h; name = oc_helpers.h; path = Luakit/OCHelper/oc_helpers.h; sourceTree = "<group>"; };
		C5DB91B4232FF927007FD2DF /* oc_callback.mm */ = {isa = PBXFileReference; fileEncoding = 4; lastKnownFileType = sourcecode.cpp.objcpp; name = oc_callback.mm; path = Luakit/OCHelper/oc_callback.mm; sourceTree = "<group>"; };
		C5DB91B5232FF927007FD2DF /* oc_helpers.mm */ = {isa = PBXFileReference; fileEncoding = 4; lastKnownFileType = sourcecode.cpp.objcpp; name = oc_helpers.mm; path = Luakit/OCHelper/oc_helpers.mm; sourceTree = "<group>"; };
		C5DB91BD232FF95C007FD2DF /* lua_timer.cpp */ = {isa = PBXFileReference; fileEncoding = 4; lastKnownFileType = sourcecode.cpp.cpp; name = lua_timer.cpp; path = ../src/extensions/timer/lua_timer.cpp; sourceTree = "<group>"; };
		C5DB91BE232FF95C007FD2DF /* lua_timer.h */ = {isa = PBXFileReference; fileEncoding = 4; lastKnownFileType = sourcecode.c.h; name = lua_timer.h; path = ../src/extensions/timer/lua_timer.h; sourceTree = "<group>"; };
		C5DB91C2232FF983007FD2DF /* lua_thread.cpp */ = {isa = PBXFileReference; fileEncoding = 4; lastKnownFileType = sourcecode.cpp.cpp; name = lua_thread.cpp; path = ../src/extensions/thread/lua_thread.cpp; sourceTree = "<group>"; };
		C5DB91C3232FF983007FD2DF /* lua_thread.h */ = {isa = PBXFileReference; fileEncoding = 4; lastKnownFileType = sourcecode.c.h; name = lua_thread.h; path = ../src/extensions/thread/lua_thread.h; sourceTree = "<group>"; };
		C5DB91C4232FF983007FD2DF /* serialize.cpp */ = {isa = PBXFileReference; fileEncoding = 4; lastKnownFileType = sourcecode.cpp.cpp; name = serialize.cpp; path = ../src/extensions/thread/serialize.cpp; sourceTree = "<group>"; };
		C5DB91C5232FF983007FD2DF /* serialize.h */ = {isa = PBXFileReference; fileEncoding = 4; lastKnownFileType = sourcecode.c.h; name = serialize.h; path = ../src/extensions/thread/serialize.h; sourceTree = "<group>"; };
		C5DB91CB232FF9A7007FD2DF /* lua_notification_utility_ios.mm */ = {isa = PBXFileReference; fileEncoding = 4; lastKnownFileType = sourcecode.cpp.objcpp; name = lua_notification_utility_ios.mm; path = ../src/extensions/Notify/lua_notification_utility_ios.mm; sourceTree = "<group>"; };
		C5DB91CC232FF9A7007FD2DF /* LuaNotificationListener.h */ = {isa = PBXFileReference; fileEncoding = 4; lastKnownFileType = sourcecode.c.h; name = LuaNotificationListener.h; path = ../src/extensions/Notify/LuaNotificationListener.h; sourceTree = "<group>"; };
		C5DB91CD232FF9A7007FD2DF /* lua_notify.cpp */ = {isa = PBXFileReference; fileEncoding = 4; lastKnownFileType = sourcecode.cpp.cpp; name = lua_notify.cpp; path = ../src/extensions/Notify/lua_notify.cpp; sourceTree = "<group>"; };
		C5DB91CE232FF9A7007FD2DF /* lua_notification_utility.h */ = {isa = PBXFileReference; fileEncoding = 4; lastKnownFileType = sourcecode.c.h; name = lua_notification_utility.h; path = ../src/extensions/Notify/lua_notification_utility.h; sourceTree = "<group>"; };
		C5DB91CF232FF9A7007FD2DF /* LuaNotificationListener.cpp */ = {isa = PBXFileReference; fileEncoding = 4; lastKnownFileType = sourcecode.cpp.cpp; name = LuaNotificationListener.cpp; path = ../src/extensions/Notify/LuaNotificationListener.cpp; sourceTree = "<group>"; };
		C5DB91D0232FF9A7007FD2DF /* lua_notify.h */ = {isa = PBXFileReference; fileEncoding = 4; lastKnownFileType = sourcecode.c.h; name = lua_notify.h; path = ../src/extensions/Notify/lua_notify.h; sourceTree = "<group>"; };
		C5DB91D8232FF9D2007FD2DF /* auxiliar.c */ = {isa = PBXFileReference; fileEncoding = 4; lastKnownFileType = sourcecode.c.c; name = auxiliar.c; path = ../src/extensions/luasocket/auxiliar.c; sourceTree = "<group>"; };
		C5DB91D9232FF9D2007FD2DF /* unix.h */ = {isa = PBXFileReference; fileEncoding = 4; lastKnownFileType = sourcecode.c.h; name = unix.h; path = ../src/extensions/luasocket/unix.h; sourceTree = "<group>"; };
		C5DB91DA232FF9D2007FD2DF /* tcp.c */ = {isa = PBXFileReference; fileEncoding = 4; lastKnownFileType = sourcecode.c.c; name = tcp.c; path = ../src/extensions/luasocket/tcp.c; sourceTree = "<group>"; };
		C5DB91DB232FF9D2007FD2DF /* luasocket_scripts.c */ = {isa = PBXFileReference; fileEncoding = 4; lastKnownFileType = sourcecode.c.c; name = luasocket_scripts.c; path = ../src/extensions/luasocket/luasocket_scripts.c; sourceTree = "<group>"; };
		C5DB91DC232FF9D2007FD2DF /* usocket.h */ = {isa = PBXFileReference; fileEncoding = 4; lastKnownFileType = sourcecode.c.h; name = usocket.h; path = ../src/extensions/luasocket/usocket.h; sourceTree = "<group>"; };
		C5DB91DD232FF9D2007FD2DF /* mime.c */ = {isa = PBXFileReference; fileEncoding = 4; lastKnownFileType = sourcecode.c.c; name = mime.c; path = ../src/extensions/luasocket/mime.c; sourceTree = "<group>"; };
		C5DB91DE232FF9D2007FD2DF /* select.h */ = {isa = PBXFileReference; fileEncoding = 4; lastKnownFileType = sourcecode.c.h; name = select.h; path = ../src/extensions/luasocket/select.h; sourceTree = "<group>"; };
		C5DB91DF232FF9D2007FD2DF /* mime.h */ = {isa = PBXFileReference; fileEncoding = 4; lastKnownFileType = sourcecode.c.h; name = mime.h; path = ../src/extensions/luasocket/mime.h; sourceTree = "<group>"; };
		C5DB91E0232FF9D2007FD2DF /* inet.c */ = {isa = PBXFileReference; fileEncoding = 4; lastKnownFileType = sourcecode.c.c; name = inet.c; path = ../src/extensions/luasocket/inet.c; sourceTree = "<group>"; };
		C5DB91E1232FF9D2007FD2DF /* options.h */ = {isa = PBXFileReference; fileEncoding = 4; lastKnownFileType = sourcecode.c.h; name = options.h; path = ../src/extensions/luasocket/options.h; sourceTree = "<group>"; };
		C5DB91E2232FF9D2007FD2DF /* tcp.h */ = {isa = PBXFileReference; fileEncoding = 4; lastKnownFileType = sourcecode.c.h; name = tcp.h; path = ../src/extensions/luasocket/tcp.h; sourceTree = "<group>"; };
		C5DB91E3232FF9D2007FD2DF /* except.h */ = {isa = PBXFileReference; fileEncoding = 4; lastKnownFileType = sourcecode.c.h; name = except.h; path = ../src/extensions/luasocket/except.h; sourceTree = "<group>"; };
		C5DB91E4232FF9D2007FD2DF /* udp.c */ = {isa = PBXFileReference; fileEncoding = 4; lastKnownFileType = sourcecode.c.c; name = udp.c; path = ../src/extensions/luasocket/udp.c; sourceTree = "<group>"; };
		C5DB91E5232FF9D2007FD2DF /* buffer.c */ = {isa = PBXFileReference; fileEncoding = 4; lastKnownFileType = sourcecode.c.c; name = buffer.c; path = ../src/extensions/luasocket/buffer.c; sourceTree = "<group>"; };
		C5DB91E6232FF9D2007FD2DF /* buffer.h */ = {isa = PBXFileReference; fileEncoding = 4; lastKnownFileType = sourcecode.c.h; name = buffer.h; path = ../src/extensions/luasocket/buffer.h; sourceTree = "<group>"; };
		C5DB91E7232FF9D2007FD2DF /* serial.c */ = {isa = PBXFileReference; fileEncoding = 4; lastKnownFileType = sourcecode.c.c; name = serial.c; path = ../src/extensions/luasocket/serial.c; sourceTree = "<group>"; };
		C5DB91E8232FF9D2007FD2DF /* timeout.c */ = {isa = PBXFileReference; fileEncoding = 4; lastKnownFileType = sourcecode.c.c; name = timeout.c; path = ../src/extensions/luasocket/timeout.c; sourceTree = "<group>"; };
		C5DB91E9232FF9D2007FD2DF /* timeout.h */ = {isa = PBXFileReference; fileEncoding = 4; lastKnownFileType = sourcecode.c.h; name = timeout.h; path = ../src/extensions/luasocket/timeout.h; sourceTree = "<group>"; };
		C5DB91EA232FF9D2007FD2DF /* socket.h */ = {isa = PBXFileReference; fileEncoding = 4; lastKnownFileType = sourcecode.c.h; name = socket.h; path = ../src/extensions/luasocket/socket.h; sourceTree = "<group>"; };
		C5DB91EB232FF9D2007FD2DF /* luasocket_scripts.h */ = {isa = PBXFileReference; fileEncoding = 4; lastKnownFileType = sourcecode.c.h; name = luasocket_scripts.h; path = ../src/extensions/luasocket/luasocket_scripts.h; sourceTree = "<group>"; };
		C5DB91EC232FF9D2007FD2DF /* luasocket.c */ = {isa = PBXFileReference; fileEncoding = 4; lastKnownFileType = sourcecode.c.c; name = luasocket.c; path = ../src/extensions/luasocket/luasocket.c; sourceTree = "<group>"; };
		C5DB91ED232FF9D3007FD2DF /* auxiliar.h */ = {isa = PBXFileReference; fileEncoding = 4; lastKnownFileType = sourcecode.c.h; name = auxiliar.h; path = ../src/extensions/luasocket/auxiliar.h; sourceTree = "<group>"; };
		C5DB91EE232FF9D3007FD2DF /* inet.h */ = {isa = PBXFileReference; fileEncoding = 4; lastKnownFileType = sourcecode.c.h; name = inet.h; path = ../src/extensions/luasocket/inet.h; sourceTree = "<group>"; };
		C5DB91EF232FF9D3007FD2DF /* select.c */ = {isa = PBXFileReference; fileEncoding = 4; lastKnownFileType = sourcecode.c.c; name = select.c; path = ../src/extensions/luasocket/select.c; sourceTree = "<group>"; };
		C5DB91F0232FF9D3007FD2DF /* usocket.c */ = {isa = PBXFileReference; fileEncoding = 4; lastKnownFileType = sourcecode.c.c; name = usocket.c; path = ../src/extensions/luasocket/usocket.c; sourceTree = "<group>"; };
		C5DB91F1232FF9D3007FD2DF /* udp.h */ = {isa = PBXFileReference; fileEncoding = 4; lastKnownFileType = sourcecode.c.h; name = udp.h; path = ../src/extensions/luasocket/udp.h; sourceTree = "<group>"; };
		C5DB91F2232FF9D3007FD2DF /* except.c */ = {isa = PBXFileReference; fileEncoding = 4; lastKnownFileType = sourcecode.c.c; name = except.c; path = ../src/extensions/luasocket/except.c; sourceTree = "<group>"; };
		C5DB91F3232FF9D3007FD2DF /* io.c */ = {isa = PBXFileReference; fileEncoding = 4; lastKnownFileType = sourcecode.c.c; name = io.c; path = ../src/extensions/luasocket/io.c; sourceTree = "<group>"; };
		C5DB91F4232FF9D3007FD2DF /* options.c */ = {isa = PBXFileReference; fileEncoding = 4; lastKnownFileType = sourcecode.c.c; name = options.c; path = ../src/extensions/luasocket/options.c; sourceTree = "<group>"; };
		C5DB91F5232FF9D3007FD2DF /* unix.c */ = {isa = PBXFileReference; fileEncoding = 4; lastKnownFileType = sourcecode.c.c; name = unix.c; path = ../src/extensions/luasocket/unix.c; sourceTree = "<group>"; };
		C5DB91F6232FF9D3007FD2DF /* luasocket.h */ = {isa = PBXFileReference; fileEncoding = 4; lastKnownFileType = sourcecode.c.h; name = luasocket.h; path = ../src/extensions/luasocket/luasocket.h; sourceTree = "<group>"; };
		C5DB91F7232FF9D3007FD2DF /* io.h */ = {isa = PBXFileReference; fileEncoding = 4; lastKnownFileType = sourcecode.c.h; name = io.h; path = ../src/extensions/luasocket/io.h; sourceTree = "<group>"; };
		C5DB9219232FFA22007FD2DF /* lua_cjson.h */ = {isa = PBXFileReference; fileEncoding = 4; lastKnownFileType = sourcecode.c.h; name = lua_cjson.h; path = "../src/extensions/lua-cjson-master/lua_cjson.h"; sourceTree = "<group>"; };
		C5DB921A232FFA22007FD2DF /* fpconv.h */ = {isa = PBXFileReference; fileEncoding = 4; lastKnownFileType = sourcecode.c.h; name = fpconv.h; path = "../src/extensions/lua-cjson-master/fpconv.h"; sourceTree = "<group>"; };
		C5DB921B232FFA22007FD2DF /* fpconv.c */ = {isa = PBXFileReference; fileEncoding = 4; lastKnownFileType = sourcecode.c.c; name = fpconv.c; path = "../src/extensions/lua-cjson-master/fpconv.c"; sourceTree = "<group>"; };
		C5DB921C232FFA22007FD2DF /* strbuf.h */ = {isa = PBXFileReference; fileEncoding = 4; lastKnownFileType = sourcecode.c.h; name = strbuf.h; path = "../src/extensions/lua-cjson-master/strbuf.h"; sourceTree = "<group>"; };
		C5DB921D232FFA22007FD2DF /* lua_cjson.c */ = {isa = PBXFileReference; fileEncoding = 4; lastKnownFileType = sourcecode.c.c; name = lua_cjson.c; path = "../src/extensions/lua-cjson-master/lua_cjson.c"; sourceTree = "<group>"; };
		C5DB921E232FFA22007FD2DF /* dtoa_config.h */ = {isa = PBXFileReference; fileEncoding = 4; lastKnownFileType = sourcecode.c.h; name = dtoa_config.h; path = "../src/extensions/lua-cjson-master/dtoa_config.h"; sourceTree = "<group>"; };
		C5DB921F232FFA22007FD2DF /* strbuf.c */ = {isa = PBXFileReference; fileEncoding = 4; lastKnownFileType = sourcecode.c.c; name = strbuf.c; path = "../src/extensions/lua-cjson-master/strbuf.c"; sourceTree = "<group>"; };
		C5DB9220232FFA22007FD2DF /* dtoa.c */ = {isa = PBXFileReference; fileEncoding = 4; lastKnownFileType = sourcecode.c.c; name = dtoa.c; path = "../src/extensions/lua-cjson-master/dtoa.c"; sourceTree = "<group>"; };
		C5DB922A232FFA5F007FD2DF /* languageUtil.mm */ = {isa = PBXFileReference; fileEncoding = 4; lastKnownFileType = sourcecode.cpp.objcpp; name = languageUtil.mm; path = ../src/extensions/language/languageUtil.mm; sourceTree = "<group>"; };
		C5DB922B232FFA5F007FD2DF /* languageUtil.h */ = {isa = PBXFileReference; fileEncoding = 4; lastKnownFileType = sourcecode.c.h; name = languageUtil.h; path = ../src/extensions/language/languageUtil.h; sourceTree = "<group>"; };
		C5DB922C232FFA5F007FD2DF /* lua_language.h */ = {isa = PBXFileReference; fileEncoding = 4; lastKnownFileType = sourcecode.c.h; name = lua_language.h; path = ../src/extensions/language/lua_language.h; sourceTree = "<group>"; };
		C5DB922D232FFA5F007FD2DF /* lua_language.cpp */ = {isa = PBXFileReference; fileEncoding = 4; lastKnownFileType = sourcecode.cpp.cpp; name = lua_language.cpp; path = ../src/extensions/language/lua_language.cpp; sourceTree = "<group>"; };
		C5DB923B232FFAB7007FD2DF /* lua_http_task.cpp */ = {isa = PBXFileReference; fileEncoding = 4; lastKnownFileType = sourcecode.cpp.cpp; name = lua_http_task.cpp; path = ../src/extensions/HTTP/lua_http_task.cpp; sourceTree = "<group>"; };
		C5DB923C232FFAB7007FD2DF /* lua_http.h */ = {isa = PBXFileReference; fileEncoding = 4; lastKnownFileType = sourcecode.c.h; name = lua_http.h; path = ../src/extensions/HTTP/lua_http.h; sourceTree = "<group>"; };
		C5DB923D232FFAB8007FD2DF /* lua_http.cpp */ = {isa = PBXFileReference; fileEncoding = 4; lastKnownFileType = sourcecode.cpp.cpp; name = lua_http.cpp; path = ../src/extensions/HTTP/lua_http.cpp; sourceTree = "<group>"; };
		C5DB923E232FFAB8007FD2DF /* lua_http_task.h */ = {isa = PBXFileReference; fileEncoding = 4; lastKnownFileType = sourcecode.c.h; name = lua_http_task.h; path = ../src/extensions/HTTP/lua_http_task.h; sourceTree = "<group>"; };
		C5DB9244232FFAD8007FD2DF /* mobdebug.h */ = {isa = PBXFileReference; fileEncoding = 4; lastKnownFileType = sourcecode.c.h; name = mobdebug.h; path = ../src/extensions/debug/mobdebug.h; sourceTree = "<group>"; };
		C5DB9245232FFAD8007FD2DF /* mobdebug.c */ = {isa = PBXFileReference; fileEncoding = 4; lastKnownFileType = sourcecode.c.c; name = mobdebug.c; path = ../src/extensions/debug/mobdebug.c; sourceTree = "<group>"; };
		C5DB9249232FFAF7007FD2DF /* lua_async_socket.cpp */ = {isa = PBXFileReference; fileEncoding = 4; lastKnownFileType = sourcecode.cpp.cpp; name = lua_async_socket.cpp; path = ../src/extensions/AsyncSocket/lua_async_socket.cpp; sourceTree = "<group>"; };
		C5DB924A232FFAF7007FD2DF /* lua_async_socket.h */ = {isa = PBXFileReference; fileEncoding = 4; lastKnownFileType = sourcecode.c.h; name = lua_async_socket.h; path = ../src/extensions/AsyncSocket/lua_async_socket.h; sourceTree = "<group>"; };
		C5DB924E232FFB14007FD2DF /* lua_file.h */ = {isa = PBXFileReference; fileEncoding = 4; lastKnownFileType = sourcecode.c.h; name = lua_file.h; path = ../src/extensions/File/lua_file.h; sourceTree = "<group>"; };
		C5DB924F232FFB14007FD2DF /* lua_file.cpp */ = {isa = PBXFileReference; fileEncoding = 4; lastKnownFileType = sourcecode.cpp.cpp; name = lua_file.cpp; path = ../src/extensions/File/lua_file.cpp; sourceTree = "<group>"; };
		C5DB9253232FFE23007FD2DF /* lua_macos.xcodeproj */ = {isa = PBXFileReference; lastKnownFileType = "wrapper.pb-project"; name = lua_macos.xcodeproj; path = "../src/lua-5.1.5/lua_macos.xcodeproj"; sourceTree = "<group>"; };
		C5DB9259232FFE3A007FD2DF /* modp_b64_macos.xcodeproj */ = {isa = PBXFileReference; lastKnownFileType = "wrapper.pb-project"; name = modp_b64_macos.xcodeproj; path = ../src/modp_b64/modp_b64_macos.xcodeproj; sourceTree = "<group>"; };
		C5DB925F232FFE4C007FD2DF /* libevent_macos.xcodeproj */ = {isa = PBXFileReference; lastKnownFileType = "wrapper.pb-project"; name = libevent_macos.xcodeproj; path = ../src/libevent/libevent_macos.xcodeproj; sourceTree = "<group>"; };
		C5DB9265232FFE5B007FD2DF /* libxml_macos.xcodeproj */ = {isa = PBXFileReference; lastKnownFileType = "wrapper.pb-project"; name = libxml_macos.xcodeproj; path = ../src/libxml/libxml_macos.xcodeproj; sourceTree = "<group>"; };
		C5DB926B232FFE84007FD2DF /* dynamic_annotations_macos.xcodeproj */ = {isa = PBXFileReference; lastKnownFileType = "wrapper.pb-project"; name = dynamic_annotations_macos.xcodeproj; path = ../src/base/third_party/dynamic_annotations/dynamic_annotations_macos.xcodeproj; sourceTree = "<group>"; };
		C5DB9271232FFE9E007FD2DF /* curl_macos.xcodeproj */ = {isa = PBXFileReference; lastKnownFileType = "wrapper.pb-project"; name = curl_macos.xcodeproj; path = ../src/curl/curl_macos.xcodeproj; sourceTree = "<group>"; };
		C5DB9277232FFEBD007FD2DF /* common_macos.xcodeproj */ = {isa = PBXFileReference; lastKnownFileType = "wrapper.pb-project"; name = common_macos.xcodeproj; path = ../src/common/common_macos.xcodeproj; sourceTree = "<group>"; };
		C5DB927D232FFED3007FD2DF /* base_macos.xcodeproj */ = {isa = PBXFileReference; lastKnownFileType = "wrapper.pb-project"; name = base_macos.xcodeproj; path = ../src/base/base_macos.xcodeproj; sourceTree = "<group>"; };
/* End PBXFileReference section */

/* Begin PBXFrameworksBuildPhase section */
		C5DB911B232FF69F007FD2DF /* Frameworks */ = {
			isa = PBXFrameworksBuildPhase;
			buildActionMask = 2147483647;
			files = (
			);
			runOnlyForDeploymentPostprocessing = 0;
		};
/* End PBXFrameworksBuildPhase section */

/* Begin PBXGroup section */
		C5DB9114232FF69F007FD2DF = {
			isa = PBXGroup;
			children = (
				C5DB927D232FFED3007FD2DF /* base_macos.xcodeproj */,
				C5DB9277232FFEBD007FD2DF /* common_macos.xcodeproj */,
				C5DB9271232FFE9E007FD2DF /* curl_macos.xcodeproj */,
				C5DB926B232FFE84007FD2DF /* dynamic_annotations_macos.xcodeproj */,
				C5DB9265232FFE5B007FD2DF /* libxml_macos.xcodeproj */,
				C5DB925F232FFE4C007FD2DF /* libevent_macos.xcodeproj */,
				C5DB9259232FFE3A007FD2DF /* modp_b64_macos.xcodeproj */,
				C5DB9253232FFE23007FD2DF /* lua_macos.xcodeproj */,
				C5DB91BB232FF93A007FD2DF /* extensions */,
				C5DB91B0232FF90B007FD2DF /* OCHelper */,
				C5DB9184232FF8BD007FD2DF /* network */,
				C5DB9177232FF88D007FD2DF /* sqlite */,
				C5DB911E232FF69F007FD2DF /* Products */,
			);
			sourceTree = "<group>";
		};
		C5DB911E232FF69F007FD2DF /* Products */ = {
			isa = PBXGroup;
			children = (
				C5DB911D232FF69F007FD2DF /* libLuakit.a */,
			);
			name = Products;
			sourceTree = "<group>";
		};
		C5DB9177232FF88D007FD2DF /* sqlite */ = {
			isa = PBXGroup;
			children = (
				C5DB917C232FF8A1007FD2DF /* lsqlite3.c */,
				C5DB917A232FF8A1007FD2DF /* lsqlite3.h */,
				C5DB9179232FF8A1007FD2DF /* shell.c */,
				C5DB9178232FF8A1007FD2DF /* sqlite3.c */,
				C5DB917D232FF8A1007FD2DF /* sqlite3.h */,
				C5DB917B232FF8A1007FD2DF /* sqlite3ext.h */,
			);
			name = sqlite;
			sourceTree = "<group>";
		};
		C5DB9184232FF8BD007FD2DF /* network */ = {
			isa = PBXGroup;
			children = (
				C5DB91A3232FF8D6007FD2DF /* net */,
				C5DB9193232FF8D1007FD2DF /* async_cgi_task_dispatcher.cpp */,
				C5DB918E232FF8D1007FD2DF /* async_cgi_task_dispatcher.h */,
				C5DB9186232FF8D1007FD2DF /* async_socket.cpp */,
				C5DB918C232FF8D1007FD2DF /* async_socket.h */,
				C5DB918D232FF8D1007FD2DF /* async_task_dispatcher.cpp */,
				C5DB918F232FF8D1007FD2DF /* async_task_dispatcher.h */,
				C5DB9190232FF8D1007FD2DF /* base_connection.cpp */,
				C5DB9189232FF8D1007FD2DF /* base_connection.h */,
				C5DB9185232FF8D1007FD2DF /* curl_connection.cpp */,
				C5DB9192232FF8D1007FD2DF /* curl_connection.h */,
				C5DB9191232FF8D1007FD2DF /* curl_http_form.cpp */,
				C5DB918A232FF8D1007FD2DF /* curl_http_form.h */,
				C5DB9187232FF8D1007FD2DF /* network_define.h */,
				C5DB918B232FF8D1007FD2DF /* socket_watcher.cpp */,
				C5DB9188232FF8D1007FD2DF /* socket_watcher.h */,
			);
			name = network;
			sourceTree = "<group>";
		};
		C5DB91A3232FF8D6007FD2DF /* net */ = {
			isa = PBXGroup;
			children = (
				C5DB91A7232FF8ED007FD2DF /* io_buffer.cc */,
				C5DB91A8232FF8ED007FD2DF /* io_buffer.h */,
				C5DB91A6232FF8ED007FD2DF /* net_error_list.h */,
				C5DB91A9232FF8ED007FD2DF /* net_errors_posix.cc */,
				C5DB91A5232FF8ED007FD2DF /* net_errors.cc */,
				C5DB91A4232FF8ED007FD2DF /* net_errors.h */,
			);
			name = net;
			sourceTree = "<group>";
		};
		C5DB91B0232FF90B007FD2DF /* OCHelper */ = {
			isa = PBXGroup;
			children = (
				C5DB91B2232FF927007FD2DF /* NotificationProxyObserver.h */,
				C5DB91B1232FF927007FD2DF /* oc_callback.h */,
				C5DB91B4232FF927007FD2DF /* oc_callback.mm */,
				C5DB91B3232FF927007FD2DF /* oc_helpers.h */,
				C5DB91B5232FF927007FD2DF /* oc_helpers.mm */,
			);
			name = OCHelper;
			sourceTree = "<group>";
		};
		C5DB91BB232FF93A007FD2DF /* extensions */ = {
			isa = PBXGroup;
			children = (
				C5DB924D232FFB03007FD2DF /* File */,
				C5DB9248232FFADF007FD2DF /* AsyncSocket */,
				C5DB9243232FFABF007FD2DF /* debug */,
				C5DB923A232FFAA7007FD2DF /* HTTP */,
				C5DB9229232FFA30007FD2DF /* language */,
				C5DB9218232FF9DD007FD2DF /* lua-cjson-master */,
				C5DB91D7232FF9B2007FD2DF /* luasocket */,
				C5DB91CA232FF98C007FD2DF /* Notify */,
				C5DB91C1232FF964007FD2DF /* thread */,
				C5DB91BC232FF948007FD2DF /* timer */,
			);
			name = extensions;
			sourceTree = "<group>";
		};
		C5DB91BC232FF948007FD2DF /* timer */ = {
			isa = PBXGroup;
			children = (
				C5DB91BD232FF95C007FD2DF /* lua_timer.cpp */,
				C5DB91BE232FF95C007FD2DF /* lua_timer.h */,
			);
			name = timer;
			sourceTree = "<group>";
		};
		C5DB91C1232FF964007FD2DF /* thread */ = {
			isa = PBXGroup;
			children = (
				C5DB91C2232FF983007FD2DF /* lua_thread.cpp */,
				C5DB91C3232FF983007FD2DF /* lua_thread.h */,
				C5DB91C4232FF983007FD2DF /* serialize.cpp */,
				C5DB91C5232FF983007FD2DF /* serialize.h */,
			);
			name = thread;
			sourceTree = "<group>";
		};
		C5DB91CA232FF98C007FD2DF /* Notify */ = {
			isa = PBXGroup;
			children = (
				C5DB91CB232FF9A7007FD2DF /* lua_notification_utility_ios.mm */,
				C5DB91CE232FF9A7007FD2DF /* lua_notification_utility.h */,
				C5DB91CD232FF9A7007FD2DF /* lua_notify.cpp */,
				C5DB91D0232FF9A7007FD2DF /* lua_notify.h */,
				C5DB91CF232FF9A7007FD2DF /* LuaNotificationListener.cpp */,
				C5DB91CC232FF9A7007FD2DF /* LuaNotificationListener.h */,
			);
			name = Notify;
			sourceTree = "<group>";
		};
		C5DB91D7232FF9B2007FD2DF /* luasocket */ = {
			isa = PBXGroup;
			children = (
				C5DB91D8232FF9D2007FD2DF /* auxiliar.c */,
				C5DB91ED232FF9D3007FD2DF /* auxiliar.h */,
				C5DB91E5232FF9D2007FD2DF /* buffer.c */,
				C5DB91E6232FF9D2007FD2DF /* buffer.h */,
				C5DB91F2232FF9D3007FD2DF /* except.c */,
				C5DB91E3232FF9D2007FD2DF /* except.h */,
				C5DB91E0232FF9D2007FD2DF /* inet.c */,
				C5DB91EE232FF9D3007FD2DF /* inet.h */,
				C5DB91F3232FF9D3007FD2DF /* io.c */,
				C5DB91F7232FF9D3007FD2DF /* io.h */,
				C5DB91DB232FF9D2007FD2DF /* luasocket_scripts.c */,
				C5DB91EB232FF9D2007FD2DF /* luasocket_scripts.h */,
				C5DB91EC232FF9D2007FD2DF /* luasocket.c */,
				C5DB91F6232FF9D3007FD2DF /* luasocket.h */,
				C5DB91DD232FF9D2007FD2DF /* mime.c */,
				C5DB91DF232FF9D2007FD2DF /* mime.h */,
				C5DB91F4232FF9D3007FD2DF /* options.c */,
				C5DB91E1232FF9D2007FD2DF /* options.h */,
				C5DB91EF232FF9D3007FD2DF /* select.c */,
				C5DB91DE232FF9D2007FD2DF /* select.h */,
				C5DB91E7232FF9D2007FD2DF /* serial.c */,
				C5DB91EA232FF9D2007FD2DF /* socket.h */,
				C5DB91DA232FF9D2007FD2DF /* tcp.c */,
				C5DB91E2232FF9D2007FD2DF /* tcp.h */,
				C5DB91E8232FF9D2007FD2DF /* timeout.c */,
				C5DB91E9232FF9D2007FD2DF /* timeout.h */,
				C5DB91E4232FF9D2007FD2DF /* udp.c */,
				C5DB91F1232FF9D3007FD2DF /* udp.h */,
				C5DB91F5232FF9D3007FD2DF /* unix.c */,
				C5DB91D9232FF9D2007FD2DF /* unix.h */,
				C5DB91F0232FF9D3007FD2DF /* usocket.c */,
				C5DB91DC232FF9D2007FD2DF /* usocket.h */,
			);
			name = luasocket;
			sourceTree = "<group>";
		};
		C5DB9218232FF9DD007FD2DF /* lua-cjson-master */ = {
			isa = PBXGroup;
			children = (
				C5DB921E232FFA22007FD2DF /* dtoa_config.h */,
				C5DB9220232FFA22007FD2DF /* dtoa.c */,
				C5DB921B232FFA22007FD2DF /* fpconv.c */,
				C5DB921A232FFA22007FD2DF /* fpconv.h */,
				C5DB921D232FFA22007FD2DF /* lua_cjson.c */,
				C5DB9219232FFA22007FD2DF /* lua_cjson.h */,
				C5DB921F232FFA22007FD2DF /* strbuf.c */,
				C5DB921C232FFA22007FD2DF /* strbuf.h */,
			);
			name = "lua-cjson-master";
			sourceTree = "<group>";
		};
		C5DB9229232FFA30007FD2DF /* language */ = {
			isa = PBXGroup;
			children = (
				C5DB922B232FFA5F007FD2DF /* languageUtil.h */,
				C5DB922A232FFA5F007FD2DF /* languageUtil.mm */,
				C5DB922D232FFA5F007FD2DF /* lua_language.cpp */,
				C5DB922C232FFA5F007FD2DF /* lua_language.h */,
			);
			name = language;
			sourceTree = "<group>";
		};
		C5DB923A232FFAA7007FD2DF /* HTTP */ = {
			isa = PBXGroup;
			children = (
				C5DB923B232FFAB7007FD2DF /* lua_http_task.cpp */,
				C5DB923E232FFAB8007FD2DF /* lua_http_task.h */,
				C5DB923D232FFAB8007FD2DF /* lua_http.cpp */,
				C5DB923C232FFAB7007FD2DF /* lua_http.h */,
			);
			name = HTTP;
			sourceTree = "<group>";
		};
		C5DB9243232FFABF007FD2DF /* debug */ = {
			isa = PBXGroup;
			children = (
				C5DB9245232FFAD8007FD2DF /* mobdebug.c */,
				C5DB9244232FFAD8007FD2DF /* mobdebug.h */,
			);
			name = debug;
			sourceTree = "<group>";
		};
		C5DB9248232FFADF007FD2DF /* AsyncSocket */ = {
			isa = PBXGroup;
			children = (
				C5DB9249232FFAF7007FD2DF /* lua_async_socket.cpp */,
				C5DB924A232FFAF7007FD2DF /* lua_async_socket.h */,
			);
			name = AsyncSocket;
			sourceTree = "<group>";
		};
		C5DB924D232FFB03007FD2DF /* File */ = {
			isa = PBXGroup;
			children = (
				C5DB924F232FFB14007FD2DF /* lua_file.cpp */,
				C5DB924E232FFB14007FD2DF /* lua_file.h */,
			);
			name = File;
			sourceTree = "<group>";
		};
		C5DB9254232FFE23007FD2DF /* Products */ = {
			isa = PBXGroup;
			children = (
				C5DB9258232FFE23007FD2DF /* liblua.a */,
			);
			name = Products;
			sourceTree = "<group>";
		};
		C5DB925A232FFE3A007FD2DF /* Products */ = {
			isa = PBXGroup;
			children = (
				C5DB925E232FFE3A007FD2DF /* libmodp_b64.a */,
			);
			name = Products;
			sourceTree = "<group>";
		};
		C5DB9260232FFE4C007FD2DF /* Products */ = {
			isa = PBXGroup;
			children = (
				C5DB9264232FFE4C007FD2DF /* libevent.a */,
			);
			name = Products;
			sourceTree = "<group>";
		};
		C5DB9266232FFE5B007FD2DF /* Products */ = {
			isa = PBXGroup;
			children = (
				C5DB926A232FFE5B007FD2DF /* libxml.a */,
			);
			name = Products;
			sourceTree = "<group>";
		};
		C5DB926C232FFE84007FD2DF /* Products */ = {
			isa = PBXGroup;
			children = (
				C5DB9270232FFE84007FD2DF /* libdynamic_annotations.a */,
			);
			name = Products;
			sourceTree = "<group>";
		};
		C5DB9272232FFE9E007FD2DF /* Products */ = {
			isa = PBXGroup;
			children = (
				C5DB9276232FFE9E007FD2DF /* libcurl.a */,
			);
			name = Products;
			sourceTree = "<group>";
		};
		C5DB9278232FFEBD007FD2DF /* Products */ = {
			isa = PBXGroup;
			children = (
				C5DB927C232FFEBD007FD2DF /* libcommon.a */,
			);
			name = Products;
			sourceTree = "<group>";
		};
		C5DB927E232FFED3007FD2DF /* Products */ = {
			isa = PBXGroup;
			children = (
				C5DB9283232FFED3007FD2DF /* libbase.a */,
			);
			name = Products;
			sourceTree = "<group>";
		};
/* End PBXGroup section */

/* Begin PBXHeadersBuildPhase section */
		C5DB9119232FF69F007FD2DF /* Headers */ = {
			isa = PBXHeadersBuildPhase;
			buildActionMask = 2147483647;
			files = (
				C5DB91F9232FF9D3007FD2DF /* unix.h in Headers */,
				C5DB91FC232FF9D3007FD2DF /* usocket.h in Headers */,
				C5DB9181232FF8A2007FD2DF /* sqlite3ext.h in Headers */,
				C5DB919E232FF8D1007FD2DF /* async_task_dispatcher.h in Headers */,
				C5DB9222232FFA22007FD2DF /* fpconv.h in Headers */,
				C5DB9250232FFB14007FD2DF /* lua_file.h in Headers */,
				C5DB9246232FFAD8007FD2DF /* mobdebug.h in Headers */,
				C5DB9211232FF9D3007FD2DF /* udp.h in Headers */,
				C5DB9224232FFA22007FD2DF /* strbuf.h in Headers */,
				C5DB9202232FF9D3007FD2DF /* tcp.h in Headers */,
				C5DB9203232FF9D3007FD2DF /* except.h in Headers */,
				C5DB9221232FFA22007FD2DF /* lua_cjson.h in Headers */,
				C5DB924C232FFAF7007FD2DF /* lua_async_socket.h in Headers */,
				C5DB920D232FF9D3007FD2DF /* auxiliar.h in Headers */,
				C5DB9209232FF9D3007FD2DF /* timeout.h in Headers */,
				C5DB91B7232FF927007FD2DF /* NotificationProxyObserver.h in Headers */,
				C5DB91C0232FF95C007FD2DF /* lua_timer.h in Headers */,
				C5DB91FE232FF9D3007FD2DF /* select.h in Headers */,
				C5DB9201232FF9D3007FD2DF /* options.h in Headers */,
				C5DB91B6232FF927007FD2DF /* oc_callback.h in Headers */,
				C5DB920A232FF9D3007FD2DF /* socket.h in Headers */,
				C5DB920B232FF9D3007FD2DF /* luasocket_scripts.h in Headers */,
				C5DB91FF232FF9D3007FD2DF /* mime.h in Headers */,
				C5DB9198232FF8D1007FD2DF /* base_connection.h in Headers */,
				C5DB9226232FFA22007FD2DF /* dtoa_config.h in Headers */,
				C5DB91AC232FF8ED007FD2DF /* net_error_list.h in Headers */,
				C5DB919B232FF8D1007FD2DF /* async_socket.h in Headers */,
				C5DB91C7232FF983007FD2DF /* lua_thread.h in Headers */,
				C5DB9199232FF8D1007FD2DF /* curl_http_form.h in Headers */,
				C5DB91B8232FF927007FD2DF /* oc_helpers.h in Headers */,
				C5DB91AA232FF8ED007FD2DF /* net_errors.h in Headers */,
				C5DB919D232FF8D1007FD2DF /* async_cgi_task_dispatcher.h in Headers */,
				C5DB920E232FF9D3007FD2DF /* inet.h in Headers */,
				C5DB922F232FFA5F007FD2DF /* languageUtil.h in Headers */,
				C5DB9183232FF8A2007FD2DF /* sqlite3.h in Headers */,
				C5DB91D2232FF9A7007FD2DF /* LuaNotificationListener.h in Headers */,
				C5DB9230232FFA5F007FD2DF /* lua_language.h in Headers */,
				C5DB91D4232FF9A7007FD2DF /* lua_notification_utility.h in Headers */,
				C5DB9217232FF9D3007FD2DF /* io.h in Headers */,
				C5DB9196232FF8D1007FD2DF /* network_define.h in Headers */,
				C5DB9197232FF8D1007FD2DF /* socket_watcher.h in Headers */,
				C5DB9206232FF9D3007FD2DF /* buffer.h in Headers */,
				C5DB9242232FFAB8007FD2DF /* lua_http_task.h in Headers */,
				C5DB9240232FFAB8007FD2DF /* lua_http.h in Headers */,
				C5DB9216232FF9D3007FD2DF /* luasocket.h in Headers */,
				C5DB9180232FF8A2007FD2DF /* lsqlite3.h in Headers */,
				C5DB91C9232FF983007FD2DF /* serialize.h in Headers */,
				C5DB91AE232FF8ED007FD2DF /* io_buffer.h in Headers */,
				C5DB91A1232FF8D1007FD2DF /* curl_connection.h in Headers */,
				C5DB91D6232FF9A7007FD2DF /* lua_notify.h in Headers */,
			);
			runOnlyForDeploymentPostprocessing = 0;
		};
/* End PBXHeadersBuildPhase section */

/* Begin PBXNativeTarget section */
		C5DB911C232FF69F007FD2DF /* Luakit */ = {
			isa = PBXNativeTarget;
			buildConfigurationList = C5DB9121232FF69F007FD2DF /* Build configuration list for PBXNativeTarget "Luakit" */;
			buildPhases = (
				C5DB9119232FF69F007FD2DF /* Headers */,
				C5DB911A232FF69F007FD2DF /* Sources */,
				C5DB911B232FF69F007FD2DF /* Frameworks */,
				C52070A92330C92100FCDD41 /* ShellScript */,
			);
			buildRules = (
			);
			dependencies = (
			);
			name = Luakit;
			productName = Luakit;
			productReference = C5DB911D232FF69F007FD2DF /* libLuakit.a */;
			productType = "com.apple.product-type.library.static";
		};
/* End PBXNativeTarget section */

/* Begin PBXProject section */
		C5DB9115232FF69F007FD2DF /* Project object */ = {
			isa = PBXProject;
			attributes = {
				LastUpgradeCheck = 1030;
				ORGANIZATIONNAME = larpoux;
				TargetAttributes = {
					C5DB911C232FF69F007FD2DF = {
						CreatedOnToolsVersion = 10.3;
					};
				};
			};
			buildConfigurationList = C5DB9118232FF69F007FD2DF /* Build configuration list for PBXProject "Luakit_macos" */;
			compatibilityVersion = "Xcode 9.3";
			developmentRegion = en;
			hasScannedForEncodings = 0;
			knownRegions = (
				en,
			);
			mainGroup = C5DB9114232FF69F007FD2DF;
			productRefGroup = C5DB911E232FF69F007FD2DF /* Products */;
			projectDirPath = "";
			projectReferences = (
				{
					ProductGroup = C5DB927E232FFED3007FD2DF /* Products */;
					ProjectRef = C5DB927D232FFED3007FD2DF /* base_macos.xcodeproj */;
				},
				{
					ProductGroup = C5DB9278232FFEBD007FD2DF /* Products */;
					ProjectRef = C5DB9277232FFEBD007FD2DF /* common_macos.xcodeproj */;
				},
				{
					ProductGroup = C5DB9272232FFE9E007FD2DF /* Products */;
					ProjectRef = C5DB9271232FFE9E007FD2DF /* curl_macos.xcodeproj */;
				},
				{
					ProductGroup = C5DB926C232FFE84007FD2DF /* Products */;
					ProjectRef = C5DB926B232FFE84007FD2DF /* dynamic_annotations_macos.xcodeproj */;
				},
				{
					ProductGroup = C5DB9260232FFE4C007FD2DF /* Products */;
					ProjectRef = C5DB925F232FFE4C007FD2DF /* libevent_macos.xcodeproj */;
				},
				{
					ProductGroup = C5DB9266232FFE5B007FD2DF /* Products */;
					ProjectRef = C5DB9265232FFE5B007FD2DF /* libxml_macos.xcodeproj */;
				},
				{
					ProductGroup = C5DB9254232FFE23007FD2DF /* Products */;
					ProjectRef = C5DB9253232FFE23007FD2DF /* lua_macos.xcodeproj */;
				},
				{
					ProductGroup = C5DB925A232FFE3A007FD2DF /* Products */;
					ProjectRef = C5DB9259232FFE3A007FD2DF /* modp_b64_macos.xcodeproj */;
				},
			);
			projectRoot = "";
			targets = (
				C5DB911C232FF69F007FD2DF /* Luakit */,
			);
		};
/* End PBXProject section */

/* Begin PBXReferenceProxy section */
		C5DB9258232FFE23007FD2DF /* liblua.a */ = {
			isa = PBXReferenceProxy;
			fileType = archive.ar;
			path = liblua.a;
			remoteRef = C5DB9257232FFE23007FD2DF /* PBXContainerItemProxy */;
			sourceTree = BUILT_PRODUCTS_DIR;
		};
		C5DB925E232FFE3A007FD2DF /* libmodp_b64.a */ = {
			isa = PBXReferenceProxy;
			fileType = archive.ar;
			path = libmodp_b64.a;
			remoteRef = C5DB925D232FFE3A007FD2DF /* PBXContainerItemProxy */;
			sourceTree = BUILT_PRODUCTS_DIR;
		};
		C5DB9264232FFE4C007FD2DF /* libevent.a */ = {
			isa = PBXReferenceProxy;
			fileType = archive.ar;
			path = libevent.a;
			remoteRef = C5DB9263232FFE4C007FD2DF /* PBXContainerItemProxy */;
			sourceTree = BUILT_PRODUCTS_DIR;
		};
		C5DB926A232FFE5B007FD2DF /* libxml.a */ = {
			isa = PBXReferenceProxy;
			fileType = archive.ar;
			path = libxml.a;
			remoteRef = C5DB9269232FFE5B007FD2DF /* PBXContainerItemProxy */;
			sourceTree = BUILT_PRODUCTS_DIR;
		};
		C5DB9270232FFE84007FD2DF /* libdynamic_annotations.a */ = {
			isa = PBXReferenceProxy;
			fileType = archive.ar;
			path = libdynamic_annotations.a;
			remoteRef = C5DB926F232FFE84007FD2DF /* PBXContainerItemProxy */;
			sourceTree = BUILT_PRODUCTS_DIR;
		};
		C5DB9276232FFE9E007FD2DF /* libcurl.a */ = {
			isa = PBXReferenceProxy;
			fileType = archive.ar;
			path = libcurl.a;
			remoteRef = C5DB9275232FFE9E007FD2DF /* PBXContainerItemProxy */;
			sourceTree = BUILT_PRODUCTS_DIR;
		};
		C5DB927C232FFEBD007FD2DF /* libcommon.a */ = {
			isa = PBXReferenceProxy;
			fileType = archive.ar;
			path = libcommon.a;
			remoteRef = C5DB927B232FFEBD007FD2DF /* PBXContainerItemProxy */;
			sourceTree = BUILT_PRODUCTS_DIR;
		};
		C5DB9283232FFED3007FD2DF /* libbase.a */ = {
			isa = PBXReferenceProxy;
			fileType = archive.ar;
			path = libbase.a;
			remoteRef = C5DB9282232FFED3007FD2DF /* PBXContainerItemProxy */;
			sourceTree = BUILT_PRODUCTS_DIR;
		};
/* End PBXReferenceProxy section */

/* Begin PBXShellScriptBuildPhase section */
		C52070A92330C92100FCDD41 /* ShellScript */ = {
			isa = PBXShellScriptBuildPhase;
			buildActionMask = 2147483647;
			files = (
			);
			inputFileListPaths = (
			);
			inputPaths = (
			);
			outputFileListPaths = (
			);
			outputPaths = (
			);
			runOnlyForDeploymentPostprocessing = 0;
			shellPath = /bin/sh;
			shellScript = "#echo \"-------\"\necho \"TARGET_NAME = $TARGET_NAME\"\necho \"BUILD_DIR = $BUILD_DIR\"\necho \"BUILD_ROOT = $BUILD_ROOT\"\necho \"BUILT_PRODUCTS_DIR = $BUILD_PRODUCTS_DIR\"\necho \"CONFIGURATION = $CONFIGURATION\"\necho \"CONFIGURATION_BUILD_DIR = $CONFIGURATION_BUILD_DIR\"\necho \"DERIVED_FILES_DIR = $DERIVED_FILES_DIR\"\necho \"FULL_PRODUCT_NAME = $FULL_PRODUCT_NAME\"\necho \"LOCROOT = $LOCROOT\"\necho \"LOCSYMROOT = $LOCSYMROOT\"\necho \"OBJECT_FILE_DIR = $OBJECT_FILE_DIR\"\necho \"PRODUCT_MODULE_NAME = $PRODUCT_MODULE_NAME\"\necho \"PRODUCT_NAME = $PRODUCT_NAME\"\necho \"PROJECT = $PROJECT\"\necho \"PROJECT_DERIVED_FILE_DIR = $PROJECT_DERIVED_FILE_DIR\"\necho \"PROJECT_DIR = $PROJECT_DIR\"\necho \"PROJECT_FILE_PATH = $PROJECT_FILE_PATH\"\necho \"PROJECT_NAME = $PROJECT_NAME\"\necho \"SHARED_DERIVED_FILE_DIR = $SHARED_DERIVED_FILE_DIR\"\necho \"SRCROOT = $SRCROOT\"\necho \"SYMROOT = $SYMROOT\"\necho \"TARGET_NAME = $TARGET_NAME\"\necho \"TARGET_BUILD_DIR = $TARGET_BUILD_DIR\"\necho \"TARGET_OS_IPHONE = $TARGET_OS_IPHONE\"\necho \"OS_IOS = $OS_IOS\"\necho \"---------\"\nif [ -z \"$OUTPUT_DIR\" ]\nthen\n        export OUTPUT_DIR=$PROJECT_DIR/../libs/macos-$CONFIGURATION\nfi\n\nmkdir -p \"$OUTPUT_DIR/\"\ncp -v \"$TARGET_BUILD_DIR/$FULL_PRODUCT_NAME\" \"$OUTPUT_DIR/\"\n";
		};
/* End PBXShellScriptBuildPhase section */

/* Begin PBXSourcesBuildPhase section */
		C5DB911A232FF69F007FD2DF /* Sources */ = {
			isa = PBXSourcesBuildPhase;
			buildActionMask = 2147483647;
			files = (
				C5DB91FD232FF9D3007FD2DF /* mime.c in Sources */,
				C5DB91FA232FF9D3007FD2DF /* tcp.c in Sources */,
				C5DB91BF232FF95C007FD2DF /* lua_timer.cpp in Sources */,
				C5DB9204232FF9D3007FD2DF /* udp.c in Sources */,
				C5DB917F232FF8A2007FD2DF /* shell.c in Sources */,
				C5DB9208232FF9D3007FD2DF /* timeout.c in Sources */,
				C5DB9228232FFA22007FD2DF /* dtoa.c in Sources */,
				C5DB9195232FF8D1007FD2DF /* async_socket.cpp in Sources */,
				C5DB9225232FFA22007FD2DF /* lua_cjson.c in Sources */,
				C5DB922E232FFA5F007FD2DF /* languageUtil.mm in Sources */,
				C5DB91D5232FF9A7007FD2DF /* LuaNotificationListener.cpp in Sources */,
				C5DB9205232FF9D3007FD2DF /* buffer.c in Sources */,
				C5DB91B9232FF927007FD2DF /* oc_callback.mm in Sources */,
				C5DB9241232FFAB8007FD2DF /* lua_http.cpp in Sources */,
				C5DB923F232FFAB8007FD2DF /* lua_http_task.cpp in Sources */,
				C5DB9194232FF8D1007FD2DF /* curl_connection.cpp in Sources */,
				C5DB91D3232FF9A7007FD2DF /* lua_notify.cpp in Sources */,
				C5DB9212232FF9D3007FD2DF /* except.c in Sources */,
				C5DB9223232FFA22007FD2DF /* fpconv.c in Sources */,
				C5DB91BA232FF927007FD2DF /* oc_helpers.mm in Sources */,
				C5DB91F8232FF9D3007FD2DF /* auxiliar.c in Sources */,
				C5DB9182232FF8A2007FD2DF /* lsqlite3.c in Sources */,
				C5DB920C232FF9D3007FD2DF /* luasocket.c in Sources */,
				C5DB917E232FF8A2007FD2DF /* sqlite3.c in Sources */,
				C5DB9200232FF9D3007FD2DF /* inet.c in Sources */,
				C5DB924B232FFAF7007FD2DF /* lua_async_socket.cpp in Sources */,
				C5DB9210232FF9D3007FD2DF /* usocket.c in Sources */,
				C5DB9247232FFAD8007FD2DF /* mobdebug.c in Sources */,
				C5DB9213232FF9D3007FD2DF /* io.c in Sources */,
				C5DB9227232FFA22007FD2DF /* strbuf.c in Sources */,
				C5DB91AD232FF8ED007FD2DF /* io_buffer.cc in Sources */,
				C5DB91D1232FF9A7007FD2DF /* lua_notification_utility_ios.mm in Sources */,
				C5DB91FB232FF9D3007FD2DF /* luasocket_scripts.c in Sources */,
				C5DB919A232FF8D1007FD2DF /* socket_watcher.cpp in Sources */,
				C5DB91AF232FF8ED007FD2DF /* net_errors_posix.cc in Sources */,
				C5DB9231232FFA5F007FD2DF /* lua_language.cpp in Sources */,
				C5DB91C6232FF983007FD2DF /* lua_thread.cpp in Sources */,
				C5DB91A2232FF8D1007FD2DF /* async_cgi_task_dispatcher.cpp in Sources */,
				C5DB920F232FF9D3007FD2DF /* select.c in Sources */,
				C5DB919F232FF8D1007FD2DF /* base_connection.cpp in Sources */,
				C5DB91A0232FF8D1007FD2DF /* curl_http_form.cpp in Sources */,
				C5DB919C232FF8D1007FD2DF /* async_task_dispatcher.cpp in Sources */,
				C5DB9207232FF9D3007FD2DF /* serial.c in Sources */,
				C5DB91C8232FF983007FD2DF /* serialize.cpp in Sources */,
				C5DB9215232FF9D3007FD2DF /* unix.c in Sources */,
				C5DB9214232FF9D3007FD2DF /* options.c in Sources */,
				C5DB9251232FFB14007FD2DF /* lua_file.cpp in Sources */,
				C5DB91AB232FF8ED007FD2DF /* net_errors.cc in Sources */,
			);
			runOnlyForDeploymentPostprocessing = 0;
		};
/* End PBXSourcesBuildPhase section */

/* Begin XCBuildConfiguration section */
		C5DB911F232FF69F007FD2DF /* Debug */ = {
			isa = XCBuildConfiguration;
			buildSettings = {
				ALWAYS_SEARCH_USER_PATHS = NO;
				CLANG_ANALYZER_NONNULL = YES;
				CLANG_ANALYZER_NUMBER_OBJECT_CONVERSION = YES_AGGRESSIVE;
				CLANG_CXX_LANGUAGE_STANDARD = "gnu++14";
				CLANG_CXX_LIBRARY = "libc++";
				CLANG_ENABLE_MODULES = YES;
				CLANG_ENABLE_OBJC_ARC = NO;
				CLANG_ENABLE_OBJC_WEAK = YES;
				CLANG_WARN_BLOCK_CAPTURE_AUTORELEASING = YES;
				CLANG_WARN_BOOL_CONVERSION = YES;
				CLANG_WARN_COMMA = YES;
				CLANG_WARN_CONSTANT_CONVERSION = YES;
				CLANG_WARN_DEPRECATED_OBJC_IMPLEMENTATIONS = YES;
				CLANG_WARN_DIRECT_OBJC_ISA_USAGE = YES_ERROR;
				CLANG_WARN_DOCUMENTATION_COMMENTS = YES;
				CLANG_WARN_EMPTY_BODY = YES;
				CLANG_WARN_ENUM_CONVERSION = YES;
				CLANG_WARN_INFINITE_RECURSION = YES;
				CLANG_WARN_INT_CONVERSION = YES;
				CLANG_WARN_NON_LITERAL_NULL_CONVERSION = YES;
				CLANG_WARN_OBJC_IMPLICIT_RETAIN_SELF = YES;
				CLANG_WARN_OBJC_LITERAL_CONVERSION = YES;
				CLANG_WARN_OBJC_ROOT_CLASS = YES_ERROR;
				CLANG_WARN_RANGE_LOOP_ANALYSIS = YES;
				CLANG_WARN_STRICT_PROTOTYPES = YES;
				CLANG_WARN_SUSPICIOUS_MOVE = YES;
				CLANG_WARN_UNGUARDED_AVAILABILITY = YES_AGGRESSIVE;
				CLANG_WARN_UNREACHABLE_CODE = YES;
				CLANG_WARN__DUPLICATE_METHOD_MATCH = YES;
				CODE_SIGN_IDENTITY = "Mac Developer";
				COPY_PHASE_STRIP = NO;
				DEBUG_INFORMATION_FORMAT = dwarf;
				ENABLE_STRICT_OBJC_MSGSEND = YES;
				ENABLE_TESTABILITY = YES;
				GCC_C_LANGUAGE_STANDARD = gnu11;
				GCC_DYNAMIC_NO_PIC = NO;
				GCC_NO_COMMON_BLOCKS = YES;
				GCC_OPTIMIZATION_LEVEL = 0;
				GCC_PREPROCESSOR_DEFINITIONS = (
					"DEBUG=1",
					"$(inherited)",
				);
				GCC_WARN_64_TO_32_BIT_CONVERSION = YES;
				GCC_WARN_ABOUT_RETURN_TYPE = YES_ERROR;
				GCC_WARN_UNDECLARED_SELECTOR = YES;
				GCC_WARN_UNINITIALIZED_AUTOS = YES_AGGRESSIVE;
				GCC_WARN_UNUSED_FUNCTION = YES;
				GCC_WARN_UNUSED_VARIABLE = YES;
				HEADER_SEARCH_PATHS = (
					"$(SRCROOT)/../src/base",
					"$(SRCROOT)/../src",
					"$(SRCROOT)/../src/lua-5.1.5/lua",
					"$(SRCROOT)/../src/common",
					"$(SRCROOT)/../src/extensions/Notify",
					"$(SRCROOT)/../src/lua-5.1.5/lua/tools",
				);
				MACOSX_DEPLOYMENT_TARGET = 10.14;
				MTL_ENABLE_DEBUG_INFO = INCLUDE_SOURCE;
				MTL_FAST_MATH = YES;
				ONLY_ACTIVE_ARCH = YES;
				SDKROOT = macosx;
			};
			name = Debug;
		};
		C5DB9120232FF69F007FD2DF /* Release */ = {
			isa = XCBuildConfiguration;
			buildSettings = {
				ALWAYS_SEARCH_USER_PATHS = NO;
				CLANG_ANALYZER_NONNULL = YES;
				CLANG_ANALYZER_NUMBER_OBJECT_CONVERSION = YES_AGGRESSIVE;
				CLANG_CXX_LANGUAGE_STANDARD = "gnu++14";
				CLANG_CXX_LIBRARY = "libc++";
				CLANG_ENABLE_MODULES = YES;
				CLANG_ENABLE_OBJC_ARC = NO;
				CLANG_ENABLE_OBJC_WEAK = YES;
				CLANG_WARN_BLOCK_CAPTURE_AUTORELEASING = YES;
				CLANG_WARN_BOOL_CONVERSION = YES;
				CLANG_WARN_COMMA = YES;
				CLANG_WARN_CONSTANT_CONVERSION = YES;
				CLANG_WARN_DEPRECATED_OBJC_IMPLEMENTATIONS = YES;
				CLANG_WARN_DIRECT_OBJC_ISA_USAGE = YES_ERROR;
				CLANG_WARN_DOCUMENTATION_COMMENTS = YES;
				CLANG_WARN_EMPTY_BODY = YES;
				CLANG_WARN_ENUM_CONVERSION = YES;
				CLANG_WARN_INFINITE_RECURSION = YES;
				CLANG_WARN_INT_CONVERSION = YES;
				CLANG_WARN_NON_LITERAL_NULL_CONVERSION = YES;
				CLANG_WARN_OBJC_IMPLICIT_RETAIN_SELF = YES;
				CLANG_WARN_OBJC_LITERAL_CONVERSION = YES;
				CLANG_WARN_OBJC_ROOT_CLASS = YES_ERROR;
				CLANG_WARN_RANGE_LOOP_ANALYSIS = YES;
				CLANG_WARN_STRICT_PROTOTYPES = YES;
				CLANG_WARN_SUSPICIOUS_MOVE = YES;
				CLANG_WARN_UNGUARDED_AVAILABILITY = YES_AGGRESSIVE;
				CLANG_WARN_UNREACHABLE_CODE = YES;
				CLANG_WARN__DUPLICATE_METHOD_MATCH = YES;
				CODE_SIGN_IDENTITY = "Mac Developer";
				COPY_PHASE_STRIP = NO;
				DEBUG_INFORMATION_FORMAT = "dwarf-with-dsym";
				ENABLE_NS_ASSERTIONS = NO;
				ENABLE_STRICT_OBJC_MSGSEND = YES;
				GCC_C_LANGUAGE_STANDARD = gnu11;
				GCC_NO_COMMON_BLOCKS = YES;
				GCC_WARN_64_TO_32_BIT_CONVERSION = YES;
				GCC_WARN_ABOUT_RETURN_TYPE = YES_ERROR;
				GCC_WARN_UNDECLARED_SELECTOR = YES;
				GCC_WARN_UNINITIALIZED_AUTOS = YES_AGGRESSIVE;
				GCC_WARN_UNUSED_FUNCTION = YES;
				GCC_WARN_UNUSED_VARIABLE = YES;
				HEADER_SEARCH_PATHS = (
					"$(SRCROOT)/../src/base",
					"$(SRCROOT)/../src",
					"$(SRCROOT)/../src/lua-5.1.5/lua",
					"$(SRCROOT)/../src/common",
					"$(SRCROOT)/../src/extensions/Notify",
					"$(SRCROOT)/../src/lua-5.1.5/lua/tools",
				);
				MACOSX_DEPLOYMENT_TARGET = 10.14;
				MTL_ENABLE_DEBUG_INFO = NO;
				MTL_FAST_MATH = YES;
				SDKROOT = macosx;
			};
			name = Release;
		};
		C5DB9122232FF69F007FD2DF /* Debug */ = {
			isa = XCBuildConfiguration;
			buildSettings = {
				CODE_SIGN_STYLE = Automatic;
				DEVELOPMENT_TEAM = 5YY4QLF92X;
				EXECUTABLE_PREFIX = lib;
				PRODUCT_NAME = "$(TARGET_NAME)";
				SKIP_INSTALL = YES;
			};
			name = Debug;
		};
		C5DB9123232FF69F007FD2DF /* Release */ = {
			isa = XCBuildConfiguration;
			buildSettings = {
				CODE_SIGN_STYLE = Automatic;
				DEVELOPMENT_TEAM = 5YY4QLF92X;
				EXECUTABLE_PREFIX = lib;
				PRODUCT_NAME = "$(TARGET_NAME)";
				SKIP_INSTALL = YES;
			};
			name = Release;
		};
/* End XCBuildConfiguration section */

/* Begin XCConfigurationList section */
		C5DB9118232FF69F007FD2DF /* Build configuration list for PBXProject "Luakit_macos" */ = {
			isa = XCConfigurationList;
			buildConfigurations = (
				C5DB911F232FF69F007FD2DF /* Debug */,
				C5DB9120232FF69F007FD2DF /* Release */,
			);
			defaultConfigurationIsVisible = 0;
			defaultConfigurationName = Release;
		};
		C5DB9121232FF69F007FD2DF /* Build configuration list for PBXNativeTarget "Luakit" */ = {
			isa = XCConfigurationList;
			buildConfigurations = (
				C5DB9122232FF69F007FD2DF /* Debug */,
				C5DB9123232FF69F007FD2DF /* Release */,
			);
			defaultConfigurationIsVisible = 0;
			defaultConfigurationName = Release;
		};
/* End XCConfigurationList section */
	};
	rootObject = C5DB9115232FF69F007FD2DF /* Project object */;
}
